// !$*UTF8*$!
{
	archiveVersion = 1;
	classes = {
	};
	objectVersion = 56;
	objects = {

/* Begin PBXBuildFile section */
		428DE3212B8913E1009A44C1 /* AppDelegate.swift in Sources */ = {isa = PBXBuildFile; fileRef = 428DE3202B8913E1009A44C1 /* AppDelegate.swift */; };
		428DE3232B8913E1009A44C1 /* SceneDelegate.swift in Sources */ = {isa = PBXBuildFile; fileRef = 428DE3222B8913E1009A44C1 /* SceneDelegate.swift */; };
		428DE32A2B8913E2009A44C1 /* Assets.xcassets in Resources */ = {isa = PBXBuildFile; fileRef = 428DE3292B8913E2009A44C1 /* Assets.xcassets */; };
		428DE3382B8913E3009A44C1 /* DragonBallAPPTests.swift in Sources */ = {isa = PBXBuildFile; fileRef = 428DE3372B8913E3009A44C1 /* DragonBallAPPTests.swift */; };
		428DE3422B8913E3009A44C1 /* DragonBallAPPUITests.swift in Sources */ = {isa = PBXBuildFile; fileRef = 428DE3412B8913E3009A44C1 /* DragonBallAPPUITests.swift */; };
		428DE3442B8913E3009A44C1 /* DragonBallAPPUITestsLaunchTests.swift in Sources */ = {isa = PBXBuildFile; fileRef = 428DE3432B8913E3009A44C1 /* DragonBallAPPUITestsLaunchTests.swift */; };
		428DE35D2B891643009A44C1 /* SplashViewController.swift in Sources */ = {isa = PBXBuildFile; fileRef = 428DE35B2B891643009A44C1 /* SplashViewController.swift */; };
		428DE35E2B891643009A44C1 /* SplashViewController.xib in Resources */ = {isa = PBXBuildFile; fileRef = 428DE35C2B891643009A44C1 /* SplashViewController.xib */; };
		428DE35F2B891651009A44C1 /* SplashViewController.swift in Sources */ = {isa = PBXBuildFile; fileRef = 428DE35B2B891643009A44C1 /* SplashViewController.swift */; };
		428DE3602B891651009A44C1 /* SplashViewController.swift in Sources */ = {isa = PBXBuildFile; fileRef = 428DE35B2B891643009A44C1 /* SplashViewController.swift */; };
		428DE3642B89284F009A44C1 /* LoginViewController.swift in Sources */ = {isa = PBXBuildFile; fileRef = 428DE3622B89284E009A44C1 /* LoginViewController.swift */; };
		428DE3652B89284F009A44C1 /* LoginViewController.swift in Sources */ = {isa = PBXBuildFile; fileRef = 428DE3622B89284E009A44C1 /* LoginViewController.swift */; };
		428DE3662B89284F009A44C1 /* LoginViewController.swift in Sources */ = {isa = PBXBuildFile; fileRef = 428DE3622B89284E009A44C1 /* LoginViewController.swift */; };
		428DE3672B89284F009A44C1 /* LoginViewController.xib in Resources */ = {isa = PBXBuildFile; fileRef = 428DE3632B89284E009A44C1 /* LoginViewController.xib */; };
		428DE3682B89284F009A44C1 /* LoginViewController.xib in Resources */ = {isa = PBXBuildFile; fileRef = 428DE3632B89284E009A44C1 /* LoginViewController.xib */; };
		428DE3692B89284F009A44C1 /* LoginViewController.xib in Resources */ = {isa = PBXBuildFile; fileRef = 428DE3632B89284E009A44C1 /* LoginViewController.xib */; };
		428DE36B2B89BE86009A44C1 /* SplashViewModel.swift in Sources */ = {isa = PBXBuildFile; fileRef = 428DE36A2B89BE86009A44C1 /* SplashViewModel.swift */; };
		428DE36C2B89BE86009A44C1 /* SplashViewModel.swift in Sources */ = {isa = PBXBuildFile; fileRef = 428DE36A2B89BE86009A44C1 /* SplashViewModel.swift */; };
		428DE36D2B89BE86009A44C1 /* SplashViewModel.swift in Sources */ = {isa = PBXBuildFile; fileRef = 428DE36A2B89BE86009A44C1 /* SplashViewModel.swift */; };
		428DE36F2B89BFFF009A44C1 /* splashStatusLoad.swift in Sources */ = {isa = PBXBuildFile; fileRef = 428DE36E2B89BFFF009A44C1 /* splashStatusLoad.swift */; };
		428DE3702B89BFFF009A44C1 /* splashStatusLoad.swift in Sources */ = {isa = PBXBuildFile; fileRef = 428DE36E2B89BFFF009A44C1 /* splashStatusLoad.swift */; };
		428DE3712B89BFFF009A44C1 /* splashStatusLoad.swift in Sources */ = {isa = PBXBuildFile; fileRef = 428DE36E2B89BFFF009A44C1 /* splashStatusLoad.swift */; };
		4297CD9C2B89FAF600D46E59 /* LoginViewModel.swift in Sources */ = {isa = PBXBuildFile; fileRef = 4297CD9B2B89FAF600D46E59 /* LoginViewModel.swift */; };
		4297CD9D2B89FAF600D46E59 /* LoginViewModel.swift in Sources */ = {isa = PBXBuildFile; fileRef = 4297CD9B2B89FAF600D46E59 /* LoginViewModel.swift */; };
		4297CD9E2B89FAF600D46E59 /* LoginViewModel.swift in Sources */ = {isa = PBXBuildFile; fileRef = 4297CD9B2B89FAF600D46E59 /* LoginViewModel.swift */; };
		4297CDA02B89FD9B00D46E59 /* LoginStatusLoad.swift in Sources */ = {isa = PBXBuildFile; fileRef = 4297CD9F2B89FD9B00D46E59 /* LoginStatusLoad.swift */; };
		4297CDA12B89FD9B00D46E59 /* LoginStatusLoad.swift in Sources */ = {isa = PBXBuildFile; fileRef = 4297CD9F2B89FD9B00D46E59 /* LoginStatusLoad.swift */; };
		4297CDA22B89FD9B00D46E59 /* LoginStatusLoad.swift in Sources */ = {isa = PBXBuildFile; fileRef = 4297CD9F2B89FD9B00D46E59 /* LoginStatusLoad.swift */; };
		4297CDB22B8B18B200D46E59 /* EndPoints.swift in Sources */ = {isa = PBXBuildFile; fileRef = 4297CDB12B8B18B200D46E59 /* EndPoints.swift */; };
		4297CDB32B8B18B200D46E59 /* EndPoints.swift in Sources */ = {isa = PBXBuildFile; fileRef = 4297CDB12B8B18B200D46E59 /* EndPoints.swift */; };
		4297CDB42B8B18B200D46E59 /* EndPoints.swift in Sources */ = {isa = PBXBuildFile; fileRef = 4297CDB12B8B18B200D46E59 /* EndPoints.swift */; };
		4297CDB62B8B193B00D46E59 /* NetworkError.swift in Sources */ = {isa = PBXBuildFile; fileRef = 4297CDB52B8B193B00D46E59 /* NetworkError.swift */; };
		4297CDB72B8B193B00D46E59 /* NetworkError.swift in Sources */ = {isa = PBXBuildFile; fileRef = 4297CDB52B8B193B00D46E59 /* NetworkError.swift */; };
		4297CDB82B8B193B00D46E59 /* NetworkError.swift in Sources */ = {isa = PBXBuildFile; fileRef = 4297CDB52B8B193B00D46E59 /* NetworkError.swift */; };
		4297CDBA2B8B19AC00D46E59 /* HTTPMethods.swift in Sources */ = {isa = PBXBuildFile; fileRef = 4297CDB92B8B19AC00D46E59 /* HTTPMethods.swift */; };
		4297CDBB2B8B19AC00D46E59 /* HTTPMethods.swift in Sources */ = {isa = PBXBuildFile; fileRef = 4297CDB92B8B19AC00D46E59 /* HTTPMethods.swift */; };
		4297CDBC2B8B19AC00D46E59 /* HTTPMethods.swift in Sources */ = {isa = PBXBuildFile; fileRef = 4297CDB92B8B19AC00D46E59 /* HTTPMethods.swift */; };
		4297CDBE2B8B1A2300D46E59 /* HTTPResponseCodes.swift in Sources */ = {isa = PBXBuildFile; fileRef = 4297CDBD2B8B1A2300D46E59 /* HTTPResponseCodes.swift */; };
		4297CDBF2B8B1A2300D46E59 /* HTTPResponseCodes.swift in Sources */ = {isa = PBXBuildFile; fileRef = 4297CDBD2B8B1A2300D46E59 /* HTTPResponseCodes.swift */; };
		4297CDC02B8B1A2300D46E59 /* HTTPResponseCodes.swift in Sources */ = {isa = PBXBuildFile; fileRef = 4297CDBD2B8B1A2300D46E59 /* HTTPResponseCodes.swift */; };
		4297CDCC2B8BA82A00D46E59 /* KeychainSwift in Frameworks */ = {isa = PBXBuildFile; productRef = 4297CDCB2B8BA82A00D46E59 /* KeychainSwift */; };
		4297CDCE2B8BA9B300D46E59 /* SecureDataKeychain.swift in Sources */ = {isa = PBXBuildFile; fileRef = 4297CDCD2B8BA9B300D46E59 /* SecureDataKeychain.swift */; };
		4297CDCF2B8BA9B300D46E59 /* SecureDataKeychain.swift in Sources */ = {isa = PBXBuildFile; fileRef = 4297CDCD2B8BA9B300D46E59 /* SecureDataKeychain.swift */; };
		4297CDD02B8BA9B300D46E59 /* SecureDataKeychain.swift in Sources */ = {isa = PBXBuildFile; fileRef = 4297CDCD2B8BA9B300D46E59 /* SecureDataKeychain.swift */; };
		4297CDD72B8BE16700D46E59 /* HeroesViewModel.swift in Sources */ = {isa = PBXBuildFile; fileRef = 4297CDD62B8BE16700D46E59 /* HeroesViewModel.swift */; };
		4297CDD82B8BE16700D46E59 /* HeroesViewModel.swift in Sources */ = {isa = PBXBuildFile; fileRef = 4297CDD62B8BE16700D46E59 /* HeroesViewModel.swift */; };
		4297CDD92B8BE16700D46E59 /* HeroesViewModel.swift in Sources */ = {isa = PBXBuildFile; fileRef = 4297CDD62B8BE16700D46E59 /* HeroesViewModel.swift */; };
		4297CDDC2B8D01E500D46E59 /* UIViewController.swift in Sources */ = {isa = PBXBuildFile; fileRef = 4297CDDB2B8D01E500D46E59 /* UIViewController.swift */; };
		4297CDDD2B8D01E500D46E59 /* UIViewController.swift in Sources */ = {isa = PBXBuildFile; fileRef = 4297CDDB2B8D01E500D46E59 /* UIViewController.swift */; };
		4297CDDE2B8D01E500D46E59 /* UIViewController.swift in Sources */ = {isa = PBXBuildFile; fileRef = 4297CDDB2B8D01E500D46E59 /* UIViewController.swift */; };
		4297CDE82B8F302200D46E59 /* Hero.swift in Sources */ = {isa = PBXBuildFile; fileRef = 4297CDE72B8F302200D46E59 /* Hero.swift */; };
		4297CDE92B8F302200D46E59 /* Hero.swift in Sources */ = {isa = PBXBuildFile; fileRef = 4297CDE72B8F302200D46E59 /* Hero.swift */; };
		4297CDEA2B8F302200D46E59 /* Hero.swift in Sources */ = {isa = PBXBuildFile; fileRef = 4297CDE72B8F302200D46E59 /* Hero.swift */; };
		4297CDF42B8F457F00D46E59 /* HeroesStatusLoad.swift in Sources */ = {isa = PBXBuildFile; fileRef = 4297CDF32B8F457F00D46E59 /* HeroesStatusLoad.swift */; };
		4297CDF52B8F457F00D46E59 /* HeroesStatusLoad.swift in Sources */ = {isa = PBXBuildFile; fileRef = 4297CDF32B8F457F00D46E59 /* HeroesStatusLoad.swift */; };
		4297CDF62B8F457F00D46E59 /* HeroesStatusLoad.swift in Sources */ = {isa = PBXBuildFile; fileRef = 4297CDF32B8F457F00D46E59 /* HeroesStatusLoad.swift */; };
		4297CDFD2B8F46B700D46E59 /* Model.xcdatamodeld in Sources */ = {isa = PBXBuildFile; fileRef = 4297CDFB2B8F46B700D46E59 /* Model.xcdatamodeld */; };
		4297CDFE2B8F46B700D46E59 /* Model.xcdatamodeld in Sources */ = {isa = PBXBuildFile; fileRef = 4297CDFB2B8F46B700D46E59 /* Model.xcdatamodeld */; };
		4297CDFF2B8F46B700D46E59 /* Model.xcdatamodeld in Sources */ = {isa = PBXBuildFile; fileRef = 4297CDFB2B8F46B700D46E59 /* Model.xcdatamodeld */; };
		4297CE052B8F494A00D46E59 /* StoreDataProvider.swift in Sources */ = {isa = PBXBuildFile; fileRef = 4297CE042B8F494A00D46E59 /* StoreDataProvider.swift */; };
		4297CE062B8F494A00D46E59 /* StoreDataProvider.swift in Sources */ = {isa = PBXBuildFile; fileRef = 4297CE042B8F494A00D46E59 /* StoreDataProvider.swift */; };
		4297CE072B8F494A00D46E59 /* StoreDataProvider.swift in Sources */ = {isa = PBXBuildFile; fileRef = 4297CE042B8F494A00D46E59 /* StoreDataProvider.swift */; };
		4297CE2B2B8F542700D46E59 /* Transformation.swift in Sources */ = {isa = PBXBuildFile; fileRef = 4297CE2A2B8F542700D46E59 /* Transformation.swift */; };
		4297CE2C2B8F542700D46E59 /* Transformation.swift in Sources */ = {isa = PBXBuildFile; fileRef = 4297CE2A2B8F542700D46E59 /* Transformation.swift */; };
		4297CE2D2B8F542700D46E59 /* Transformation.swift in Sources */ = {isa = PBXBuildFile; fileRef = 4297CE2A2B8F542700D46E59 /* Transformation.swift */; };
		4297CE2F2B8F600800D46E59 /* ApiProvider.swift in Sources */ = {isa = PBXBuildFile; fileRef = 4297CE2E2B8F600800D46E59 /* ApiProvider.swift */; };
		4297CE302B8F600800D46E59 /* ApiProvider.swift in Sources */ = {isa = PBXBuildFile; fileRef = 4297CE2E2B8F600800D46E59 /* ApiProvider.swift */; };
		4297CE312B8F600800D46E59 /* ApiProvider.swift in Sources */ = {isa = PBXBuildFile; fileRef = 4297CE2E2B8F600800D46E59 /* ApiProvider.swift */; };
		4297CE372B905E2000D46E59 /* RequestProvider.swift in Sources */ = {isa = PBXBuildFile; fileRef = 4297CE362B905E2000D46E59 /* RequestProvider.swift */; };
		4297CE382B905E2000D46E59 /* RequestProvider.swift in Sources */ = {isa = PBXBuildFile; fileRef = 4297CE362B905E2000D46E59 /* RequestProvider.swift */; };
		4297CE392B905E2000D46E59 /* RequestProvider.swift in Sources */ = {isa = PBXBuildFile; fileRef = 4297CE362B905E2000D46E59 /* RequestProvider.swift */; };
		4297CE3B2B90650700D46E59 /* Location.swift in Sources */ = {isa = PBXBuildFile; fileRef = 4297CE3A2B90650700D46E59 /* Location.swift */; };
		4297CE3C2B90650700D46E59 /* Location.swift in Sources */ = {isa = PBXBuildFile; fileRef = 4297CE3A2B90650700D46E59 /* Location.swift */; };
		4297CE3D2B90650700D46E59 /* Location.swift in Sources */ = {isa = PBXBuildFile; fileRef = 4297CE3A2B90650700D46E59 /* Location.swift */; };
		4297CE452B90B16C00D46E59 /* HeroCollectionViewCell.swift in Sources */ = {isa = PBXBuildFile; fileRef = 4297CE432B90B16C00D46E59 /* HeroCollectionViewCell.swift */; };
		4297CE462B90B16C00D46E59 /* HeroCollectionViewCell.swift in Sources */ = {isa = PBXBuildFile; fileRef = 4297CE432B90B16C00D46E59 /* HeroCollectionViewCell.swift */; };
		4297CE472B90B16C00D46E59 /* HeroCollectionViewCell.swift in Sources */ = {isa = PBXBuildFile; fileRef = 4297CE432B90B16C00D46E59 /* HeroCollectionViewCell.swift */; };
		4297CE482B90B16C00D46E59 /* HeroCollectionViewCell.xib in Resources */ = {isa = PBXBuildFile; fileRef = 4297CE442B90B16C00D46E59 /* HeroCollectionViewCell.xib */; };
		4297CE492B90B16C00D46E59 /* HeroCollectionViewCell.xib in Resources */ = {isa = PBXBuildFile; fileRef = 4297CE442B90B16C00D46E59 /* HeroCollectionViewCell.xib */; };
		4297CE4A2B90B16C00D46E59 /* HeroCollectionViewCell.xib in Resources */ = {isa = PBXBuildFile; fileRef = 4297CE442B90B16C00D46E59 /* HeroCollectionViewCell.xib */; };
		4297CE4C2B90B1F900D46E59 /* UiimageView.swift in Sources */ = {isa = PBXBuildFile; fileRef = 4297CE4B2B90B1F900D46E59 /* UiimageView.swift */; };
		4297CE4D2B90B1F900D46E59 /* UiimageView.swift in Sources */ = {isa = PBXBuildFile; fileRef = 4297CE4B2B90B1F900D46E59 /* UiimageView.swift */; };
		4297CE4E2B90B1F900D46E59 /* UiimageView.swift in Sources */ = {isa = PBXBuildFile; fileRef = 4297CE4B2B90B1F900D46E59 /* UiimageView.swift */; };
		4297CE562B90C79C00D46E59 /* DetailViewController.swift in Sources */ = {isa = PBXBuildFile; fileRef = 4297CE542B90C79C00D46E59 /* DetailViewController.swift */; };
		4297CE572B90C79C00D46E59 /* DetailViewController.swift in Sources */ = {isa = PBXBuildFile; fileRef = 4297CE542B90C79C00D46E59 /* DetailViewController.swift */; };
		4297CE582B90C79C00D46E59 /* DetailViewController.swift in Sources */ = {isa = PBXBuildFile; fileRef = 4297CE542B90C79C00D46E59 /* DetailViewController.swift */; };
		4297CE592B90C79C00D46E59 /* DetailViewController.xib in Resources */ = {isa = PBXBuildFile; fileRef = 4297CE552B90C79C00D46E59 /* DetailViewController.xib */; };
		4297CE5A2B90C79C00D46E59 /* DetailViewController.xib in Resources */ = {isa = PBXBuildFile; fileRef = 4297CE552B90C79C00D46E59 /* DetailViewController.xib */; };
		4297CE5B2B90C79C00D46E59 /* DetailViewController.xib in Resources */ = {isa = PBXBuildFile; fileRef = 4297CE552B90C79C00D46E59 /* DetailViewController.xib */; };
		4297CE7A2B90DA0300D46E59 /* HeroesCollectionViewController.swift in Sources */ = {isa = PBXBuildFile; fileRef = 4297CE782B90DA0300D46E59 /* HeroesCollectionViewController.swift */; };
		4297CE7B2B90DA0400D46E59 /* HeroesCollectionViewController.swift in Sources */ = {isa = PBXBuildFile; fileRef = 4297CE782B90DA0300D46E59 /* HeroesCollectionViewController.swift */; };
		4297CE7C2B90DA0400D46E59 /* HeroesCollectionViewController.swift in Sources */ = {isa = PBXBuildFile; fileRef = 4297CE782B90DA0300D46E59 /* HeroesCollectionViewController.swift */; };
		4297CE7D2B90DA0400D46E59 /* HeroesCollectionViewController.xib in Resources */ = {isa = PBXBuildFile; fileRef = 4297CE792B90DA0300D46E59 /* HeroesCollectionViewController.xib */; };
		4297CE7E2B90DA0400D46E59 /* HeroesCollectionViewController.xib in Resources */ = {isa = PBXBuildFile; fileRef = 4297CE792B90DA0300D46E59 /* HeroesCollectionViewController.xib */; };
		4297CE7F2B90DA0400D46E59 /* HeroesCollectionViewController.xib in Resources */ = {isa = PBXBuildFile; fileRef = 4297CE792B90DA0300D46E59 /* HeroesCollectionViewController.xib */; };
		4297CE9A2B91B7CB00D46E59 /* LaunchScreen.storyboard in Resources */ = {isa = PBXBuildFile; fileRef = 4297CE992B91B7CB00D46E59 /* LaunchScreen.storyboard */; };
		4297CE9B2B91B7CB00D46E59 /* LaunchScreen.storyboard in Resources */ = {isa = PBXBuildFile; fileRef = 4297CE992B91B7CB00D46E59 /* LaunchScreen.storyboard */; };
		4297CE9C2B91B7CB00D46E59 /* LaunchScreen.storyboard in Resources */ = {isa = PBXBuildFile; fileRef = 4297CE992B91B7CB00D46E59 /* LaunchScreen.storyboard */; };
		4297CEA02B92555800D46E59 /* TransformationCollectionViewCell.swift in Sources */ = {isa = PBXBuildFile; fileRef = 4297CE9E2B92555700D46E59 /* TransformationCollectionViewCell.swift */; };
		4297CEA12B92555800D46E59 /* TransformationCollectionViewCell.swift in Sources */ = {isa = PBXBuildFile; fileRef = 4297CE9E2B92555700D46E59 /* TransformationCollectionViewCell.swift */; };
		4297CEA22B92555800D46E59 /* TransformationCollectionViewCell.swift in Sources */ = {isa = PBXBuildFile; fileRef = 4297CE9E2B92555700D46E59 /* TransformationCollectionViewCell.swift */; };
		4297CEA32B92555800D46E59 /* TransformationCollectionViewCell.xib in Resources */ = {isa = PBXBuildFile; fileRef = 4297CE9F2B92555800D46E59 /* TransformationCollectionViewCell.xib */; };
		4297CEA42B92555800D46E59 /* TransformationCollectionViewCell.xib in Resources */ = {isa = PBXBuildFile; fileRef = 4297CE9F2B92555800D46E59 /* TransformationCollectionViewCell.xib */; };
		4297CEA52B92555800D46E59 /* TransformationCollectionViewCell.xib in Resources */ = {isa = PBXBuildFile; fileRef = 4297CE9F2B92555800D46E59 /* TransformationCollectionViewCell.xib */; };
		4297CEA82B92570300D46E59 /* DetailViewModel.swift in Sources */ = {isa = PBXBuildFile; fileRef = 4297CEA72B92570300D46E59 /* DetailViewModel.swift */; };
		4297CEA92B92570300D46E59 /* DetailViewModel.swift in Sources */ = {isa = PBXBuildFile; fileRef = 4297CEA72B92570300D46E59 /* DetailViewModel.swift */; };
		4297CEAA2B92570300D46E59 /* DetailViewModel.swift in Sources */ = {isa = PBXBuildFile; fileRef = 4297CEA72B92570300D46E59 /* DetailViewModel.swift */; };
		4297CEAC2B92573D00D46E59 /* DetailStatusLoad.swift in Sources */ = {isa = PBXBuildFile; fileRef = 4297CEAB2B92573D00D46E59 /* DetailStatusLoad.swift */; };
		4297CEAD2B92573D00D46E59 /* DetailStatusLoad.swift in Sources */ = {isa = PBXBuildFile; fileRef = 4297CEAB2B92573D00D46E59 /* DetailStatusLoad.swift */; };
		4297CEAE2B92573D00D46E59 /* DetailStatusLoad.swift in Sources */ = {isa = PBXBuildFile; fileRef = 4297CEAB2B92573D00D46E59 /* DetailStatusLoad.swift */; };
		4297CEB92B92F48600D46E59 /* DetailTransformationsViewModel.swift in Sources */ = {isa = PBXBuildFile; fileRef = 4297CEB82B92F48600D46E59 /* DetailTransformationsViewModel.swift */; };
		4297CEBA2B92F48600D46E59 /* DetailTransformationsViewModel.swift in Sources */ = {isa = PBXBuildFile; fileRef = 4297CEB82B92F48600D46E59 /* DetailTransformationsViewModel.swift */; };
		4297CEBB2B92F48600D46E59 /* DetailTransformationsViewModel.swift in Sources */ = {isa = PBXBuildFile; fileRef = 4297CEB82B92F48600D46E59 /* DetailTransformationsViewModel.swift */; };
		4297CEC72B92F59700D46E59 /* DetailTransformationsViewController.swift in Sources */ = {isa = PBXBuildFile; fileRef = 4297CEC52B92F59700D46E59 /* DetailTransformationsViewController.swift */; };
		4297CEC82B92F59700D46E59 /* DetailTransformationsViewController.swift in Sources */ = {isa = PBXBuildFile; fileRef = 4297CEC52B92F59700D46E59 /* DetailTransformationsViewController.swift */; };
		4297CEC92B92F59700D46E59 /* DetailTransformationsViewController.swift in Sources */ = {isa = PBXBuildFile; fileRef = 4297CEC52B92F59700D46E59 /* DetailTransformationsViewController.swift */; };
		4297CECA2B92F59700D46E59 /* DetailTransformationsViewController.xib in Resources */ = {isa = PBXBuildFile; fileRef = 4297CEC62B92F59700D46E59 /* DetailTransformationsViewController.xib */; };
		4297CECB2B92F59700D46E59 /* DetailTransformationsViewController.xib in Resources */ = {isa = PBXBuildFile; fileRef = 4297CEC62B92F59700D46E59 /* DetailTransformationsViewController.xib */; };
		4297CECC2B92F59700D46E59 /* DetailTransformationsViewController.xib in Resources */ = {isa = PBXBuildFile; fileRef = 4297CEC62B92F59700D46E59 /* DetailTransformationsViewController.xib */; };
		4297CECE2B92F5C000D46E59 /* DetailTransformationsStatusLoad.swift in Sources */ = {isa = PBXBuildFile; fileRef = 4297CECD2B92F5C000D46E59 /* DetailTransformationsStatusLoad.swift */; };
		4297CECF2B92F5C000D46E59 /* DetailTransformationsStatusLoad.swift in Sources */ = {isa = PBXBuildFile; fileRef = 4297CECD2B92F5C000D46E59 /* DetailTransformationsStatusLoad.swift */; };
		4297CED02B92F5C000D46E59 /* DetailTransformationsStatusLoad.swift in Sources */ = {isa = PBXBuildFile; fileRef = 4297CECD2B92F5C000D46E59 /* DetailTransformationsStatusLoad.swift */; };
		4297CED22B92FC7600D46E59 /* HeroAnnotation.swift in Sources */ = {isa = PBXBuildFile; fileRef = 4297CED12B92FC7600D46E59 /* HeroAnnotation.swift */; };
		4297CED32B92FC7600D46E59 /* HeroAnnotation.swift in Sources */ = {isa = PBXBuildFile; fileRef = 4297CED12B92FC7600D46E59 /* HeroAnnotation.swift */; };
		4297CED42B92FC7600D46E59 /* HeroAnnotation.swift in Sources */ = {isa = PBXBuildFile; fileRef = 4297CED12B92FC7600D46E59 /* HeroAnnotation.swift */; };
		4297CED62B92FF4F00D46E59 /* HeroAnnotationView.swift in Sources */ = {isa = PBXBuildFile; fileRef = 4297CED52B92FF4F00D46E59 /* HeroAnnotationView.swift */; };
		4297CED72B92FF4F00D46E59 /* HeroAnnotationView.swift in Sources */ = {isa = PBXBuildFile; fileRef = 4297CED52B92FF4F00D46E59 /* HeroAnnotationView.swift */; };
		4297CED82B92FF4F00D46E59 /* HeroAnnotationView.swift in Sources */ = {isa = PBXBuildFile; fileRef = 4297CED52B92FF4F00D46E59 /* HeroAnnotationView.swift */; };
		4297CEF72B93AFF300D46E59 /* NSMHero.swift in Sources */ = {isa = PBXBuildFile; fileRef = 4297CEF12B93AFF300D46E59 /* NSMHero.swift */; };
		4297CEF82B93AFF300D46E59 /* NSMHero.swift in Sources */ = {isa = PBXBuildFile; fileRef = 4297CEF12B93AFF300D46E59 /* NSMHero.swift */; };
		4297CEF92B93AFF300D46E59 /* NSMHero.swift in Sources */ = {isa = PBXBuildFile; fileRef = 4297CEF12B93AFF300D46E59 /* NSMHero.swift */; };
		4297CEFD2B93AFF300D46E59 /* NSMLocations.swift in Sources */ = {isa = PBXBuildFile; fileRef = 4297CEF32B93AFF300D46E59 /* NSMLocations.swift */; };
		4297CEFE2B93AFF300D46E59 /* NSMLocations.swift in Sources */ = {isa = PBXBuildFile; fileRef = 4297CEF32B93AFF300D46E59 /* NSMLocations.swift */; };
		4297CEFF2B93AFF300D46E59 /* NSMLocations.swift in Sources */ = {isa = PBXBuildFile; fileRef = 4297CEF32B93AFF300D46E59 /* NSMLocations.swift */; };
		4297CF032B93AFF300D46E59 /* NSMTransformations.swift in Sources */ = {isa = PBXBuildFile; fileRef = 4297CEF52B93AFF300D46E59 /* NSMTransformations.swift */; };
		4297CF042B93AFF300D46E59 /* NSMTransformations.swift in Sources */ = {isa = PBXBuildFile; fileRef = 4297CEF52B93AFF300D46E59 /* NSMTransformations.swift */; };
		4297CF052B93AFF300D46E59 /* NSMTransformations.swift in Sources */ = {isa = PBXBuildFile; fileRef = 4297CEF52B93AFF300D46E59 /* NSMTransformations.swift */; };
/* End PBXBuildFile section */

/* Begin PBXContainerItemProxy section */
		428DE3342B8913E3009A44C1 /* PBXContainerItemProxy */ = {
			isa = PBXContainerItemProxy;
			containerPortal = 428DE3152B8913E1009A44C1 /* Project object */;
			proxyType = 1;
			remoteGlobalIDString = 428DE31C2B8913E1009A44C1;
			remoteInfo = DragonBallAPP;
		};
		428DE33E2B8913E3009A44C1 /* PBXContainerItemProxy */ = {
			isa = PBXContainerItemProxy;
			containerPortal = 428DE3152B8913E1009A44C1 /* Project object */;
			proxyType = 1;
			remoteGlobalIDString = 428DE31C2B8913E1009A44C1;
			remoteInfo = DragonBallAPP;
		};
/* End PBXContainerItemProxy section */

/* Begin PBXFileReference section */
		428DE31D2B8913E1009A44C1 /* DragonBallAPP.app */ = {isa = PBXFileReference; explicitFileType = wrapper.application; includeInIndex = 0; path = DragonBallAPP.app; sourceTree = BUILT_PRODUCTS_DIR; };
		428DE3202B8913E1009A44C1 /* AppDelegate.swift */ = {isa = PBXFileReference; lastKnownFileType = sourcecode.swift; path = AppDelegate.swift; sourceTree = "<group>"; };
		428DE3222B8913E1009A44C1 /* SceneDelegate.swift */ = {isa = PBXFileReference; lastKnownFileType = sourcecode.swift; path = SceneDelegate.swift; sourceTree = "<group>"; };
		428DE3292B8913E2009A44C1 /* Assets.xcassets */ = {isa = PBXFileReference; lastKnownFileType = folder.assetcatalog; path = Assets.xcassets; sourceTree = "<group>"; };
		428DE32E2B8913E2009A44C1 /* Info.plist */ = {isa = PBXFileReference; lastKnownFileType = text.plist.xml; path = Info.plist; sourceTree = "<group>"; };
		428DE3332B8913E3009A44C1 /* DragonBallAPPTests.xctest */ = {isa = PBXFileReference; explicitFileType = wrapper.cfbundle; includeInIndex = 0; path = DragonBallAPPTests.xctest; sourceTree = BUILT_PRODUCTS_DIR; };
		428DE3372B8913E3009A44C1 /* DragonBallAPPTests.swift */ = {isa = PBXFileReference; lastKnownFileType = sourcecode.swift; path = DragonBallAPPTests.swift; sourceTree = "<group>"; };
		428DE33D2B8913E3009A44C1 /* DragonBallAPPUITests.xctest */ = {isa = PBXFileReference; explicitFileType = wrapper.cfbundle; includeInIndex = 0; path = DragonBallAPPUITests.xctest; sourceTree = BUILT_PRODUCTS_DIR; };
		428DE3412B8913E3009A44C1 /* DragonBallAPPUITests.swift */ = {isa = PBXFileReference; lastKnownFileType = sourcecode.swift; path = DragonBallAPPUITests.swift; sourceTree = "<group>"; };
		428DE3432B8913E3009A44C1 /* DragonBallAPPUITestsLaunchTests.swift */ = {isa = PBXFileReference; lastKnownFileType = sourcecode.swift; path = DragonBallAPPUITestsLaunchTests.swift; sourceTree = "<group>"; };
		428DE35B2B891643009A44C1 /* SplashViewController.swift */ = {isa = PBXFileReference; lastKnownFileType = sourcecode.swift; path = SplashViewController.swift; sourceTree = "<group>"; };
		428DE35C2B891643009A44C1 /* SplashViewController.xib */ = {isa = PBXFileReference; lastKnownFileType = file.xib; path = SplashViewController.xib; sourceTree = "<group>"; };
		428DE3622B89284E009A44C1 /* LoginViewController.swift */ = {isa = PBXFileReference; lastKnownFileType = sourcecode.swift; path = LoginViewController.swift; sourceTree = "<group>"; };
		428DE3632B89284E009A44C1 /* LoginViewController.xib */ = {isa = PBXFileReference; lastKnownFileType = file.xib; path = LoginViewController.xib; sourceTree = "<group>"; };
		428DE36A2B89BE86009A44C1 /* SplashViewModel.swift */ = {isa = PBXFileReference; lastKnownFileType = sourcecode.swift; path = SplashViewModel.swift; sourceTree = "<group>"; };
		428DE36E2B89BFFF009A44C1 /* splashStatusLoad.swift */ = {isa = PBXFileReference; lastKnownFileType = sourcecode.swift; path = splashStatusLoad.swift; sourceTree = "<group>"; };
		4297CD9B2B89FAF600D46E59 /* LoginViewModel.swift */ = {isa = PBXFileReference; lastKnownFileType = sourcecode.swift; path = LoginViewModel.swift; sourceTree = "<group>"; };
		4297CD9F2B89FD9B00D46E59 /* LoginStatusLoad.swift */ = {isa = PBXFileReference; lastKnownFileType = sourcecode.swift; path = LoginStatusLoad.swift; sourceTree = "<group>"; };
		4297CDB12B8B18B200D46E59 /* EndPoints.swift */ = {isa = PBXFileReference; lastKnownFileType = sourcecode.swift; path = EndPoints.swift; sourceTree = "<group>"; };
		4297CDB52B8B193B00D46E59 /* NetworkError.swift */ = {isa = PBXFileReference; lastKnownFileType = sourcecode.swift; path = NetworkError.swift; sourceTree = "<group>"; };
		4297CDB92B8B19AC00D46E59 /* HTTPMethods.swift */ = {isa = PBXFileReference; lastKnownFileType = sourcecode.swift; path = HTTPMethods.swift; sourceTree = "<group>"; };
		4297CDBD2B8B1A2300D46E59 /* HTTPResponseCodes.swift */ = {isa = PBXFileReference; lastKnownFileType = sourcecode.swift; path = HTTPResponseCodes.swift; sourceTree = "<group>"; };
		4297CDCD2B8BA9B300D46E59 /* SecureDataKeychain.swift */ = {isa = PBXFileReference; lastKnownFileType = sourcecode.swift; path = SecureDataKeychain.swift; sourceTree = "<group>"; };
		4297CDD62B8BE16700D46E59 /* HeroesViewModel.swift */ = {isa = PBXFileReference; lastKnownFileType = sourcecode.swift; path = HeroesViewModel.swift; sourceTree = "<group>"; };
		4297CDDB2B8D01E500D46E59 /* UIViewController.swift */ = {isa = PBXFileReference; lastKnownFileType = sourcecode.swift; path = UIViewController.swift; sourceTree = "<group>"; };
		4297CDE72B8F302200D46E59 /* Hero.swift */ = {isa = PBXFileReference; lastKnownFileType = sourcecode.swift; path = Hero.swift; sourceTree = "<group>"; };
		4297CDF32B8F457F00D46E59 /* HeroesStatusLoad.swift */ = {isa = PBXFileReference; lastKnownFileType = sourcecode.swift; path = HeroesStatusLoad.swift; sourceTree = "<group>"; };
		4297CDFC2B8F46B700D46E59 /* Model.xcdatamodel */ = {isa = PBXFileReference; lastKnownFileType = wrapper.xcdatamodel; path = Model.xcdatamodel; sourceTree = "<group>"; };
		4297CE042B8F494A00D46E59 /* StoreDataProvider.swift */ = {isa = PBXFileReference; lastKnownFileType = sourcecode.swift; path = StoreDataProvider.swift; sourceTree = "<group>"; };
		4297CE2A2B8F542700D46E59 /* Transformation.swift */ = {isa = PBXFileReference; lastKnownFileType = sourcecode.swift; path = Transformation.swift; sourceTree = "<group>"; };
		4297CE2E2B8F600800D46E59 /* ApiProvider.swift */ = {isa = PBXFileReference; lastKnownFileType = sourcecode.swift; path = ApiProvider.swift; sourceTree = "<group>"; };
		4297CE362B905E2000D46E59 /* RequestProvider.swift */ = {isa = PBXFileReference; lastKnownFileType = sourcecode.swift; path = RequestProvider.swift; sourceTree = "<group>"; };
		4297CE3A2B90650700D46E59 /* Location.swift */ = {isa = PBXFileReference; lastKnownFileType = sourcecode.swift; path = Location.swift; sourceTree = "<group>"; };
		4297CE432B90B16C00D46E59 /* HeroCollectionViewCell.swift */ = {isa = PBXFileReference; fileEncoding = 4; lastKnownFileType = sourcecode.swift; path = HeroCollectionViewCell.swift; sourceTree = "<group>"; };
		4297CE442B90B16C00D46E59 /* HeroCollectionViewCell.xib */ = {isa = PBXFileReference; fileEncoding = 4; lastKnownFileType = file.xib; path = HeroCollectionViewCell.xib; sourceTree = "<group>"; };
		4297CE4B2B90B1F900D46E59 /* UiimageView.swift */ = {isa = PBXFileReference; fileEncoding = 4; lastKnownFileType = sourcecode.swift; path = UiimageView.swift; sourceTree = "<group>"; };
		4297CE542B90C79C00D46E59 /* DetailViewController.swift */ = {isa = PBXFileReference; lastKnownFileType = sourcecode.swift; path = DetailViewController.swift; sourceTree = "<group>"; };
		4297CE552B90C79C00D46E59 /* DetailViewController.xib */ = {isa = PBXFileReference; lastKnownFileType = file.xib; path = DetailViewController.xib; sourceTree = "<group>"; };
		4297CE782B90DA0300D46E59 /* HeroesCollectionViewController.swift */ = {isa = PBXFileReference; lastKnownFileType = sourcecode.swift; path = HeroesCollectionViewController.swift; sourceTree = "<group>"; };
		4297CE792B90DA0300D46E59 /* HeroesCollectionViewController.xib */ = {isa = PBXFileReference; lastKnownFileType = file.xib; path = HeroesCollectionViewController.xib; sourceTree = "<group>"; };
		4297CE992B91B7CB00D46E59 /* LaunchScreen.storyboard */ = {isa = PBXFileReference; fileEncoding = 4; lastKnownFileType = file.storyboard; path = LaunchScreen.storyboard; sourceTree = "<group>"; };
		4297CE9E2B92555700D46E59 /* TransformationCollectionViewCell.swift */ = {isa = PBXFileReference; lastKnownFileType = sourcecode.swift; path = TransformationCollectionViewCell.swift; sourceTree = "<group>"; };
		4297CE9F2B92555800D46E59 /* TransformationCollectionViewCell.xib */ = {isa = PBXFileReference; lastKnownFileType = file.xib; path = TransformationCollectionViewCell.xib; sourceTree = "<group>"; };
		4297CEA72B92570300D46E59 /* DetailViewModel.swift */ = {isa = PBXFileReference; lastKnownFileType = sourcecode.swift; path = DetailViewModel.swift; sourceTree = "<group>"; };
		4297CEAB2B92573D00D46E59 /* DetailStatusLoad.swift */ = {isa = PBXFileReference; lastKnownFileType = sourcecode.swift; path = DetailStatusLoad.swift; sourceTree = "<group>"; };
		4297CEB82B92F48600D46E59 /* DetailTransformationsViewModel.swift */ = {isa = PBXFileReference; lastKnownFileType = sourcecode.swift; path = DetailTransformationsViewModel.swift; sourceTree = "<group>"; };
		4297CEC52B92F59700D46E59 /* DetailTransformationsViewController.swift */ = {isa = PBXFileReference; lastKnownFileType = sourcecode.swift; path = DetailTransformationsViewController.swift; sourceTree = "<group>"; };
		4297CEC62B92F59700D46E59 /* DetailTransformationsViewController.xib */ = {isa = PBXFileReference; lastKnownFileType = file.xib; path = DetailTransformationsViewController.xib; sourceTree = "<group>"; };
		4297CECD2B92F5C000D46E59 /* DetailTransformationsStatusLoad.swift */ = {isa = PBXFileReference; lastKnownFileType = sourcecode.swift; path = DetailTransformationsStatusLoad.swift; sourceTree = "<group>"; };
		4297CED12B92FC7600D46E59 /* HeroAnnotation.swift */ = {isa = PBXFileReference; lastKnownFileType = sourcecode.swift; path = HeroAnnotation.swift; sourceTree = "<group>"; };
		4297CED52B92FF4F00D46E59 /* HeroAnnotationView.swift */ = {isa = PBXFileReference; lastKnownFileType = sourcecode.swift; path = HeroAnnotationView.swift; sourceTree = "<group>"; };
		4297CEF12B93AFF300D46E59 /* NSMHero.swift */ = {isa = PBXFileReference; lastKnownFileType = sourcecode.swift; path = NSMHero.swift; sourceTree = "<group>"; };
		4297CEF32B93AFF300D46E59 /* NSMLocations.swift */ = {isa = PBXFileReference; lastKnownFileType = sourcecode.swift; path = NSMLocations.swift; sourceTree = "<group>"; };
		4297CEF52B93AFF300D46E59 /* NSMTransformations.swift */ = {isa = PBXFileReference; lastKnownFileType = sourcecode.swift; path = NSMTransformations.swift; sourceTree = "<group>"; };
/* End PBXFileReference section */

/* Begin PBXFrameworksBuildPhase section */
		428DE31A2B8913E1009A44C1 /* Frameworks */ = {
			isa = PBXFrameworksBuildPhase;
			buildActionMask = 2147483647;
			files = (
				4297CDCC2B8BA82A00D46E59 /* KeychainSwift in Frameworks */,
			);
			runOnlyForDeploymentPostprocessing = 0;
		};
		428DE3302B8913E3009A44C1 /* Frameworks */ = {
			isa = PBXFrameworksBuildPhase;
			buildActionMask = 2147483647;
			files = (
			);
			runOnlyForDeploymentPostprocessing = 0;
		};
		428DE33A2B8913E3009A44C1 /* Frameworks */ = {
			isa = PBXFrameworksBuildPhase;
			buildActionMask = 2147483647;
			files = (
			);
			runOnlyForDeploymentPostprocessing = 0;
		};
/* End PBXFrameworksBuildPhase section */

/* Begin PBXGroup section */
		428DE3142B8913E1009A44C1 = {
			isa = PBXGroup;
			children = (
				428DE31F2B8913E1009A44C1 /* DragonBallAPP */,
				428DE3362B8913E3009A44C1 /* DragonBallAPPTests */,
				428DE3402B8913E3009A44C1 /* DragonBallAPPUITests */,
				428DE31E2B8913E1009A44C1 /* Products */,
			);
			sourceTree = "<group>";
		};
		428DE31E2B8913E1009A44C1 /* Products */ = {
			isa = PBXGroup;
			children = (
				428DE31D2B8913E1009A44C1 /* DragonBallAPP.app */,
				428DE3332B8913E3009A44C1 /* DragonBallAPPTests.xctest */,
				428DE33D2B8913E3009A44C1 /* DragonBallAPPUITests.xctest */,
			);
			name = Products;
			sourceTree = "<group>";
		};
		428DE31F2B8913E1009A44C1 /* DragonBallAPP */ = {
			isa = PBXGroup;
			children = (
				428DE32E2B8913E2009A44C1 /* Info.plist */,
				428DE3202B8913E1009A44C1 /* AppDelegate.swift */,
				428DE3222B8913E1009A44C1 /* SceneDelegate.swift */,
				4297CE992B91B7CB00D46E59 /* LaunchScreen.storyboard */,
				428DE3292B8913E2009A44C1 /* Assets.xcassets */,
				428DE3522B89152A009A44C1 /* Presentation */,
				428DE3512B891521009A44C1 /* Domain */,
				428DE3502B891515009A44C1 /* Data */,
				4297CDD12B8BDFAF00D46E59 /* Extensions */,
			);
			path = DragonBallAPP;
			sourceTree = "<group>";
		};
		428DE3362B8913E3009A44C1 /* DragonBallAPPTests */ = {
			isa = PBXGroup;
			children = (
				428DE3372B8913E3009A44C1 /* DragonBallAPPTests.swift */,
			);
			path = DragonBallAPPTests;
			sourceTree = "<group>";
		};
		428DE3402B8913E3009A44C1 /* DragonBallAPPUITests */ = {
			isa = PBXGroup;
			children = (
				428DE3412B8913E3009A44C1 /* DragonBallAPPUITests.swift */,
				428DE3432B8913E3009A44C1 /* DragonBallAPPUITestsLaunchTests.swift */,
			);
			path = DragonBallAPPUITests;
			sourceTree = "<group>";
		};
		428DE3502B891515009A44C1 /* Data */ = {
			isa = PBXGroup;
			children = (
				428DE3582B891592009A44C1 /* Network */,
				428DE3572B89158C009A44C1 /* Local */,
			);
			path = Data;
			sourceTree = "<group>";
		};
		428DE3512B891521009A44C1 /* Domain */ = {
			isa = PBXGroup;
			children = (
				428DE3562B89157F009A44C1 /* Models */,
			);
			path = Domain;
			sourceTree = "<group>";
		};
		428DE3522B89152A009A44C1 /* Presentation */ = {
			isa = PBXGroup;
			children = (
				428DE3542B891564009A44C1 /* ViewsControllers */,
				428DE3532B89155B009A44C1 /* ViewModels */,
			);
			path = Presentation;
			sourceTree = "<group>";
		};
		428DE3532B89155B009A44C1 /* ViewModels */ = {
			isa = PBXGroup;
			children = (
				4297CE802B90FFD000D46E59 /* Splash */,
				4297CE832B91008000D46E59 /* Login */,
				4297CE842B91008A00D46E59 /* Heroes */,
				4297CEA62B9256EE00D46E59 /* Detail */,
				4297CEB72B92F44500D46E59 /* DetailTransformations */,
			);
			path = ViewModels;
			sourceTree = "<group>";
		};
		428DE3542B891564009A44C1 /* ViewsControllers */ = {
			isa = PBXGroup;
			children = (
				428DE35A2B891615009A44C1 /* Splash */,
				428DE3612B89282F009A44C1 /* Login */,
				4297CDA32B8A218F00D46E59 /* Heroes */,
				4297CE4F2B90C71500D46E59 /* DetailHeroes */,
				4297CEBC2B92F4FE00D46E59 /* DetailTransformations */,
			);
			path = ViewsControllers;
			sourceTree = "<group>";
		};
		428DE3562B89157F009A44C1 /* Models */ = {
			isa = PBXGroup;
			children = (
				428DE36E2B89BFFF009A44C1 /* splashStatusLoad.swift */,
				4297CD9F2B89FD9B00D46E59 /* LoginStatusLoad.swift */,
				4297CDE72B8F302200D46E59 /* Hero.swift */,
				4297CDF32B8F457F00D46E59 /* HeroesStatusLoad.swift */,
				4297CE2A2B8F542700D46E59 /* Transformation.swift */,
				4297CE3A2B90650700D46E59 /* Location.swift */,
				4297CEAB2B92573D00D46E59 /* DetailStatusLoad.swift */,
				4297CECD2B92F5C000D46E59 /* DetailTransformationsStatusLoad.swift */,
				4297CED12B92FC7600D46E59 /* HeroAnnotation.swift */,
				4297CED52B92FF4F00D46E59 /* HeroAnnotationView.swift */,
			);
			path = Models;
			sourceTree = "<group>";
		};
		428DE3572B89158C009A44C1 /* Local */ = {
			isa = PBXGroup;
			children = (
				4297CE292B8F53BE00D46E59 /* CoreData */,
				4297CE182B8F50F900D46E59 /* Keychain */,
			);
			path = Local;
			sourceTree = "<group>";
		};
		428DE3582B891592009A44C1 /* Network */ = {
			isa = PBXGroup;
			children = (
				4297CE2E2B8F600800D46E59 /* ApiProvider.swift */,
				4297CE362B905E2000D46E59 /* RequestProvider.swift */,
				4297CDB02B8B189300D46E59 /* BaseNetwork */,
			);
			path = Network;
			sourceTree = "<group>";
		};
		428DE35A2B891615009A44C1 /* Splash */ = {
			isa = PBXGroup;
			children = (
				428DE35B2B891643009A44C1 /* SplashViewController.swift */,
				428DE35C2B891643009A44C1 /* SplashViewController.xib */,
			);
			path = Splash;
			sourceTree = "<group>";
		};
		428DE3612B89282F009A44C1 /* Login */ = {
			isa = PBXGroup;
			children = (
				428DE3622B89284E009A44C1 /* LoginViewController.swift */,
				428DE3632B89284E009A44C1 /* LoginViewController.xib */,
			);
			path = Login;
			sourceTree = "<group>";
		};
		4297CDA32B8A218F00D46E59 /* Heroes */ = {
			isa = PBXGroup;
			children = (
				4297CE422B90B14500D46E59 /* Cell Custom Heroes */,
				4297CE782B90DA0300D46E59 /* HeroesCollectionViewController.swift */,
				4297CE792B90DA0300D46E59 /* HeroesCollectionViewController.xib */,
			);
			path = Heroes;
			sourceTree = "<group>";
		};
		4297CDB02B8B189300D46E59 /* BaseNetwork */ = {
			isa = PBXGroup;
			children = (
				4297CDB12B8B18B200D46E59 /* EndPoints.swift */,
				4297CDB52B8B193B00D46E59 /* NetworkError.swift */,
				4297CDB92B8B19AC00D46E59 /* HTTPMethods.swift */,
				4297CDBD2B8B1A2300D46E59 /* HTTPResponseCodes.swift */,
			);
			path = BaseNetwork;
			sourceTree = "<group>";
		};
		4297CDD12B8BDFAF00D46E59 /* Extensions */ = {
			isa = PBXGroup;
			children = (
				4297CE4B2B90B1F900D46E59 /* UiimageView.swift */,
				4297CDDB2B8D01E500D46E59 /* UIViewController.swift */,
			);
			path = Extensions;
			sourceTree = "<group>";
		};
		4297CE182B8F50F900D46E59 /* Keychain */ = {
			isa = PBXGroup;
			children = (
				4297CDCD2B8BA9B300D46E59 /* SecureDataKeychain.swift */,
			);
			path = Keychain;
			sourceTree = "<group>";
		};
		4297CE292B8F53BE00D46E59 /* CoreData */ = {
			isa = PBXGroup;
			children = (
				4297CDFB2B8F46B700D46E59 /* Model.xcdatamodeld */,
				4297CE042B8F494A00D46E59 /* StoreDataProvider.swift */,
				4297CEF12B93AFF300D46E59 /* NSMHero.swift */,
				4297CEF32B93AFF300D46E59 /* NSMLocations.swift */,
				4297CEF52B93AFF300D46E59 /* NSMTransformations.swift */,
			);
			path = CoreData;
			sourceTree = "<group>";
		};
		4297CE422B90B14500D46E59 /* Cell Custom Heroes */ = {
			isa = PBXGroup;
			children = (
				4297CE432B90B16C00D46E59 /* HeroCollectionViewCell.swift */,
				4297CE442B90B16C00D46E59 /* HeroCollectionViewCell.xib */,
			);
			path = "Cell Custom Heroes";
			sourceTree = "<group>";
		};
		4297CE4F2B90C71500D46E59 /* DetailHeroes */ = {
			isa = PBXGroup;
			children = (
				4297CE9D2B92552100D46E59 /* Cell Custom Transformations */,
				4297CE542B90C79C00D46E59 /* DetailViewController.swift */,
				4297CE552B90C79C00D46E59 /* DetailViewController.xib */,
			);
			path = DetailHeroes;
			sourceTree = "<group>";
		};
		4297CE802B90FFD000D46E59 /* Splash */ = {
			isa = PBXGroup;
			children = (
				428DE36A2B89BE86009A44C1 /* SplashViewModel.swift */,
			);
			path = Splash;
			sourceTree = "<group>";
		};
		4297CE832B91008000D46E59 /* Login */ = {
			isa = PBXGroup;
			children = (
				4297CD9B2B89FAF600D46E59 /* LoginViewModel.swift */,
			);
			path = Login;
			sourceTree = "<group>";
		};
		4297CE842B91008A00D46E59 /* Heroes */ = {
			isa = PBXGroup;
			children = (
				4297CDD62B8BE16700D46E59 /* HeroesViewModel.swift */,
			);
			path = Heroes;
			sourceTree = "<group>";
		};
		4297CE9D2B92552100D46E59 /* Cell Custom Transformations */ = {
			isa = PBXGroup;
			children = (
				4297CE9E2B92555700D46E59 /* TransformationCollectionViewCell.swift */,
				4297CE9F2B92555800D46E59 /* TransformationCollectionViewCell.xib */,
			);
			path = "Cell Custom Transformations";
			sourceTree = "<group>";
		};
		4297CEA62B9256EE00D46E59 /* Detail */ = {
			isa = PBXGroup;
			children = (
				4297CEA72B92570300D46E59 /* DetailViewModel.swift */,
			);
			path = Detail;
			sourceTree = "<group>";
		};
		4297CEB72B92F44500D46E59 /* DetailTransformations */ = {
			isa = PBXGroup;
			children = (
				4297CEB82B92F48600D46E59 /* DetailTransformationsViewModel.swift */,
			);
			path = DetailTransformations;
			sourceTree = "<group>";
		};
		4297CEBC2B92F4FE00D46E59 /* DetailTransformations */ = {
			isa = PBXGroup;
			children = (
				4297CEC52B92F59700D46E59 /* DetailTransformationsViewController.swift */,
				4297CEC62B92F59700D46E59 /* DetailTransformationsViewController.xib */,
			);
			path = DetailTransformations;
			sourceTree = "<group>";
		};
/* End PBXGroup section */

/* Begin PBXNativeTarget section */
		428DE31C2B8913E1009A44C1 /* DragonBallAPP */ = {
			isa = PBXNativeTarget;
			buildConfigurationList = 428DE3472B8913E3009A44C1 /* Build configuration list for PBXNativeTarget "DragonBallAPP" */;
			buildPhases = (
				428DE3192B8913E1009A44C1 /* Sources */,
				428DE31A2B8913E1009A44C1 /* Frameworks */,
				428DE31B2B8913E1009A44C1 /* Resources */,
			);
			buildRules = (
			);
			dependencies = (
			);
			name = DragonBallAPP;
			packageProductDependencies = (
				4297CDCB2B8BA82A00D46E59 /* KeychainSwift */,
			);
			productName = DragonBallAPP;
			productReference = 428DE31D2B8913E1009A44C1 /* DragonBallAPP.app */;
			productType = "com.apple.product-type.application";
		};
		428DE3322B8913E3009A44C1 /* DragonBallAPPTests */ = {
			isa = PBXNativeTarget;
			buildConfigurationList = 428DE34A2B8913E3009A44C1 /* Build configuration list for PBXNativeTarget "DragonBallAPPTests" */;
			buildPhases = (
				428DE32F2B8913E3009A44C1 /* Sources */,
				428DE3302B8913E3009A44C1 /* Frameworks */,
				428DE3312B8913E3009A44C1 /* Resources */,
			);
			buildRules = (
			);
			dependencies = (
				428DE3352B8913E3009A44C1 /* PBXTargetDependency */,
			);
			name = DragonBallAPPTests;
			productName = DragonBallAPPTests;
			productReference = 428DE3332B8913E3009A44C1 /* DragonBallAPPTests.xctest */;
			productType = "com.apple.product-type.bundle.unit-test";
		};
		428DE33C2B8913E3009A44C1 /* DragonBallAPPUITests */ = {
			isa = PBXNativeTarget;
			buildConfigurationList = 428DE34D2B8913E3009A44C1 /* Build configuration list for PBXNativeTarget "DragonBallAPPUITests" */;
			buildPhases = (
				428DE3392B8913E3009A44C1 /* Sources */,
				428DE33A2B8913E3009A44C1 /* Frameworks */,
				428DE33B2B8913E3009A44C1 /* Resources */,
			);
			buildRules = (
			);
			dependencies = (
				428DE33F2B8913E3009A44C1 /* PBXTargetDependency */,
			);
			name = DragonBallAPPUITests;
			productName = DragonBallAPPUITests;
			productReference = 428DE33D2B8913E3009A44C1 /* DragonBallAPPUITests.xctest */;
			productType = "com.apple.product-type.bundle.ui-testing";
		};
/* End PBXNativeTarget section */

/* Begin PBXProject section */
		428DE3152B8913E1009A44C1 /* Project object */ = {
			isa = PBXProject;
			attributes = {
				BuildIndependentTargetsInParallel = 1;
				LastSwiftUpdateCheck = 1510;
				LastUpgradeCheck = 1510;
				TargetAttributes = {
					428DE31C2B8913E1009A44C1 = {
						CreatedOnToolsVersion = 15.1;
					};
					428DE3322B8913E3009A44C1 = {
						CreatedOnToolsVersion = 15.1;
						TestTargetID = 428DE31C2B8913E1009A44C1;
					};
					428DE33C2B8913E3009A44C1 = {
						CreatedOnToolsVersion = 15.1;
						TestTargetID = 428DE31C2B8913E1009A44C1;
					};
				};
			};
			buildConfigurationList = 428DE3182B8913E1009A44C1 /* Build configuration list for PBXProject "DragonBallAPP" */;
			compatibilityVersion = "Xcode 14.0";
			developmentRegion = en;
			hasScannedForEncodings = 0;
			knownRegions = (
				en,
				Base,
			);
			mainGroup = 428DE3142B8913E1009A44C1;
			packageReferences = (
				4297CDCA2B8BA82A00D46E59 /* XCRemoteSwiftPackageReference "keychain-swift" */,
			);
			productRefGroup = 428DE31E2B8913E1009A44C1 /* Products */;
			projectDirPath = "";
			projectRoot = "";
			targets = (
				428DE31C2B8913E1009A44C1 /* DragonBallAPP */,
				428DE3322B8913E3009A44C1 /* DragonBallAPPTests */,
				428DE33C2B8913E3009A44C1 /* DragonBallAPPUITests */,
			);
		};
/* End PBXProject section */

/* Begin PBXResourcesBuildPhase section */
		428DE31B2B8913E1009A44C1 /* Resources */ = {
			isa = PBXResourcesBuildPhase;
			buildActionMask = 2147483647;
			files = (
				428DE35E2B891643009A44C1 /* SplashViewController.xib in Resources */,
				4297CE592B90C79C00D46E59 /* DetailViewController.xib in Resources */,
				4297CECA2B92F59700D46E59 /* DetailTransformationsViewController.xib in Resources */,
				428DE3672B89284F009A44C1 /* LoginViewController.xib in Resources */,
				4297CEA32B92555800D46E59 /* TransformationCollectionViewCell.xib in Resources */,
				4297CE7D2B90DA0400D46E59 /* HeroesCollectionViewController.xib in Resources */,
				4297CE9A2B91B7CB00D46E59 /* LaunchScreen.storyboard in Resources */,
				4297CE482B90B16C00D46E59 /* HeroCollectionViewCell.xib in Resources */,
				428DE32A2B8913E2009A44C1 /* Assets.xcassets in Resources */,
			);
			runOnlyForDeploymentPostprocessing = 0;
		};
		428DE3312B8913E3009A44C1 /* Resources */ = {
			isa = PBXResourcesBuildPhase;
			buildActionMask = 2147483647;
			files = (
				4297CECB2B92F59700D46E59 /* DetailTransformationsViewController.xib in Resources */,
				428DE3682B89284F009A44C1 /* LoginViewController.xib in Resources */,
				4297CE492B90B16C00D46E59 /* HeroCollectionViewCell.xib in Resources */,
				4297CE5A2B90C79C00D46E59 /* DetailViewController.xib in Resources */,
				4297CE9B2B91B7CB00D46E59 /* LaunchScreen.storyboard in Resources */,
				4297CE7E2B90DA0400D46E59 /* HeroesCollectionViewController.xib in Resources */,
				4297CEA42B92555800D46E59 /* TransformationCollectionViewCell.xib in Resources */,
			);
			runOnlyForDeploymentPostprocessing = 0;
		};
		428DE33B2B8913E3009A44C1 /* Resources */ = {
			isa = PBXResourcesBuildPhase;
			buildActionMask = 2147483647;
			files = (
				4297CECC2B92F59700D46E59 /* DetailTransformationsViewController.xib in Resources */,
				428DE3692B89284F009A44C1 /* LoginViewController.xib in Resources */,
				4297CE4A2B90B16C00D46E59 /* HeroCollectionViewCell.xib in Resources */,
				4297CE5B2B90C79C00D46E59 /* DetailViewController.xib in Resources */,
				4297CE9C2B91B7CB00D46E59 /* LaunchScreen.storyboard in Resources */,
				4297CE7F2B90DA0400D46E59 /* HeroesCollectionViewController.xib in Resources */,
				4297CEA52B92555800D46E59 /* TransformationCollectionViewCell.xib in Resources */,
			);
			runOnlyForDeploymentPostprocessing = 0;
		};
/* End PBXResourcesBuildPhase section */

/* Begin PBXSourcesBuildPhase section */
		428DE3192B8913E1009A44C1 /* Sources */ = {
			isa = PBXSourcesBuildPhase;
			buildActionMask = 2147483647;
			files = (
				4297CD9C2B89FAF600D46E59 /* LoginViewModel.swift in Sources */,
				428DE35D2B891643009A44C1 /* SplashViewController.swift in Sources */,
				4297CE2F2B8F600800D46E59 /* ApiProvider.swift in Sources */,
				428DE36B2B89BE86009A44C1 /* SplashViewModel.swift in Sources */,
				4297CEF72B93AFF300D46E59 /* NSMHero.swift in Sources */,
				4297CE3B2B90650700D46E59 /* Location.swift in Sources */,
				4297CE2B2B8F542700D46E59 /* Transformation.swift in Sources */,
				4297CDD72B8BE16700D46E59 /* HeroesViewModel.swift in Sources */,
				4297CEC72B92F59700D46E59 /* DetailTransformationsViewController.swift in Sources */,
				4297CED62B92FF4F00D46E59 /* HeroAnnotationView.swift in Sources */,
				4297CECE2B92F5C000D46E59 /* DetailTransformationsStatusLoad.swift in Sources */,
				4297CF032B93AFF300D46E59 /* NSMTransformations.swift in Sources */,
				4297CEFD2B93AFF300D46E59 /* NSMLocations.swift in Sources */,
				4297CEAC2B92573D00D46E59 /* DetailStatusLoad.swift in Sources */,
				4297CE562B90C79C00D46E59 /* DetailViewController.swift in Sources */,
				4297CE052B8F494A00D46E59 /* StoreDataProvider.swift in Sources */,
				4297CE452B90B16C00D46E59 /* HeroCollectionViewCell.swift in Sources */,
				4297CED22B92FC7600D46E59 /* HeroAnnotation.swift in Sources */,
				4297CDE82B8F302200D46E59 /* Hero.swift in Sources */,
				4297CE4C2B90B1F900D46E59 /* UiimageView.swift in Sources */,
				4297CEA82B92570300D46E59 /* DetailViewModel.swift in Sources */,
				428DE36F2B89BFFF009A44C1 /* splashStatusLoad.swift in Sources */,
				4297CDFD2B8F46B700D46E59 /* Model.xcdatamodeld in Sources */,
				4297CDF42B8F457F00D46E59 /* HeroesStatusLoad.swift in Sources */,
				428DE3212B8913E1009A44C1 /* AppDelegate.swift in Sources */,
				4297CDBA2B8B19AC00D46E59 /* HTTPMethods.swift in Sources */,
				4297CEB92B92F48600D46E59 /* DetailTransformationsViewModel.swift in Sources */,
				4297CDDC2B8D01E500D46E59 /* UIViewController.swift in Sources */,
				4297CDBE2B8B1A2300D46E59 /* HTTPResponseCodes.swift in Sources */,
				4297CEA02B92555800D46E59 /* TransformationCollectionViewCell.swift in Sources */,
				4297CDA02B89FD9B00D46E59 /* LoginStatusLoad.swift in Sources */,
				428DE3642B89284F009A44C1 /* LoginViewController.swift in Sources */,
				4297CE7A2B90DA0300D46E59 /* HeroesCollectionViewController.swift in Sources */,
				428DE3232B8913E1009A44C1 /* SceneDelegate.swift in Sources */,
				4297CDB62B8B193B00D46E59 /* NetworkError.swift in Sources */,
				4297CE372B905E2000D46E59 /* RequestProvider.swift in Sources */,
				4297CDB22B8B18B200D46E59 /* EndPoints.swift in Sources */,
				4297CDCE2B8BA9B300D46E59 /* SecureDataKeychain.swift in Sources */,
			);
			runOnlyForDeploymentPostprocessing = 0;
		};
		428DE32F2B8913E3009A44C1 /* Sources */ = {
			isa = PBXSourcesBuildPhase;
			buildActionMask = 2147483647;
			files = (
				4297CED32B92FC7600D46E59 /* HeroAnnotation.swift in Sources */,
				4297CE062B8F494A00D46E59 /* StoreDataProvider.swift in Sources */,
				4297CEBA2B92F48600D46E59 /* DetailTransformationsViewModel.swift in Sources */,
				4297CDBF2B8B1A2300D46E59 /* HTTPResponseCodes.swift in Sources */,
				4297CEA12B92555800D46E59 /* TransformationCollectionViewCell.swift in Sources */,
				4297CEF82B93AFF300D46E59 /* NSMHero.swift in Sources */,
				4297CF042B93AFF300D46E59 /* NSMTransformations.swift in Sources */,
				4297CDCF2B8BA9B300D46E59 /* SecureDataKeychain.swift in Sources */,
				4297CE3C2B90650700D46E59 /* Location.swift in Sources */,
				428DE3382B8913E3009A44C1 /* DragonBallAPPTests.swift in Sources */,
				4297CED72B92FF4F00D46E59 /* HeroAnnotationView.swift in Sources */,
				4297CDA12B89FD9B00D46E59 /* LoginStatusLoad.swift in Sources */,
				4297CE4D2B90B1F900D46E59 /* UiimageView.swift in Sources */,
				4297CEC82B92F59700D46E59 /* DetailTransformationsViewController.swift in Sources */,
				4297CE2C2B8F542700D46E59 /* Transformation.swift in Sources */,
				4297CE462B90B16C00D46E59 /* HeroCollectionViewCell.swift in Sources */,
				4297CDD82B8BE16700D46E59 /* HeroesViewModel.swift in Sources */,
				4297CEA92B92570300D46E59 /* DetailViewModel.swift in Sources */,
				428DE35F2B891651009A44C1 /* SplashViewController.swift in Sources */,
				4297CD9D2B89FAF600D46E59 /* LoginViewModel.swift in Sources */,
				4297CE382B905E2000D46E59 /* RequestProvider.swift in Sources */,
				428DE3652B89284F009A44C1 /* LoginViewController.swift in Sources */,
				4297CDE92B8F302200D46E59 /* Hero.swift in Sources */,
				4297CEFE2B93AFF300D46E59 /* NSMLocations.swift in Sources */,
				4297CDB32B8B18B200D46E59 /* EndPoints.swift in Sources */,
				428DE3702B89BFFF009A44C1 /* splashStatusLoad.swift in Sources */,
				4297CDBB2B8B19AC00D46E59 /* HTTPMethods.swift in Sources */,
				4297CE302B8F600800D46E59 /* ApiProvider.swift in Sources */,
				4297CE7B2B90DA0400D46E59 /* HeroesCollectionViewController.swift in Sources */,
				428DE36C2B89BE86009A44C1 /* SplashViewModel.swift in Sources */,
				4297CDFE2B8F46B700D46E59 /* Model.xcdatamodeld in Sources */,
				4297CDDD2B8D01E500D46E59 /* UIViewController.swift in Sources */,
				4297CDF52B8F457F00D46E59 /* HeroesStatusLoad.swift in Sources */,
				4297CEAD2B92573D00D46E59 /* DetailStatusLoad.swift in Sources */,
				4297CECF2B92F5C000D46E59 /* DetailTransformationsStatusLoad.swift in Sources */,
				4297CDB72B8B193B00D46E59 /* NetworkError.swift in Sources */,
				4297CE572B90C79C00D46E59 /* DetailViewController.swift in Sources */,
			);
			runOnlyForDeploymentPostprocessing = 0;
		};
		428DE3392B8913E3009A44C1 /* Sources */ = {
			isa = PBXSourcesBuildPhase;
			buildActionMask = 2147483647;
			files = (
				4297CD9E2B89FAF600D46E59 /* LoginViewModel.swift in Sources */,
				428DE3602B891651009A44C1 /* SplashViewController.swift in Sources */,
				4297CE312B8F600800D46E59 /* ApiProvider.swift in Sources */,
				428DE36D2B89BE86009A44C1 /* SplashViewModel.swift in Sources */,
				4297CEF92B93AFF300D46E59 /* NSMHero.swift in Sources */,
				4297CE3D2B90650700D46E59 /* Location.swift in Sources */,
				4297CE2D2B8F542700D46E59 /* Transformation.swift in Sources */,
				4297CDD92B8BE16700D46E59 /* HeroesViewModel.swift in Sources */,
				4297CEC92B92F59700D46E59 /* DetailTransformationsViewController.swift in Sources */,
				4297CED82B92FF4F00D46E59 /* HeroAnnotationView.swift in Sources */,
				4297CED02B92F5C000D46E59 /* DetailTransformationsStatusLoad.swift in Sources */,
				4297CF052B93AFF300D46E59 /* NSMTransformations.swift in Sources */,
				4297CEFF2B93AFF300D46E59 /* NSMLocations.swift in Sources */,
				4297CEAE2B92573D00D46E59 /* DetailStatusLoad.swift in Sources */,
				4297CE582B90C79C00D46E59 /* DetailViewController.swift in Sources */,
				4297CE072B8F494A00D46E59 /* StoreDataProvider.swift in Sources */,
				4297CE472B90B16C00D46E59 /* HeroCollectionViewCell.swift in Sources */,
				4297CED42B92FC7600D46E59 /* HeroAnnotation.swift in Sources */,
				4297CDEA2B8F302200D46E59 /* Hero.swift in Sources */,
				4297CE4E2B90B1F900D46E59 /* UiimageView.swift in Sources */,
				4297CEAA2B92570300D46E59 /* DetailViewModel.swift in Sources */,
				428DE3712B89BFFF009A44C1 /* splashStatusLoad.swift in Sources */,
				4297CDFF2B8F46B700D46E59 /* Model.xcdatamodeld in Sources */,
				4297CDF62B8F457F00D46E59 /* HeroesStatusLoad.swift in Sources */,
				428DE3442B8913E3009A44C1 /* DragonBallAPPUITestsLaunchTests.swift in Sources */,
				4297CDBC2B8B19AC00D46E59 /* HTTPMethods.swift in Sources */,
				4297CEBB2B92F48600D46E59 /* DetailTransformationsViewModel.swift in Sources */,
				4297CDDE2B8D01E500D46E59 /* UIViewController.swift in Sources */,
				4297CDC02B8B1A2300D46E59 /* HTTPResponseCodes.swift in Sources */,
				4297CEA22B92555800D46E59 /* TransformationCollectionViewCell.swift in Sources */,
				4297CDA22B89FD9B00D46E59 /* LoginStatusLoad.swift in Sources */,
				428DE3662B89284F009A44C1 /* LoginViewController.swift in Sources */,
				4297CE7C2B90DA0400D46E59 /* HeroesCollectionViewController.swift in Sources */,
				428DE3422B8913E3009A44C1 /* DragonBallAPPUITests.swift in Sources */,
				4297CDB82B8B193B00D46E59 /* NetworkError.swift in Sources */,
				4297CE392B905E2000D46E59 /* RequestProvider.swift in Sources */,
				4297CDB42B8B18B200D46E59 /* EndPoints.swift in Sources */,
				4297CDD02B8BA9B300D46E59 /* SecureDataKeychain.swift in Sources */,
			);
			runOnlyForDeploymentPostprocessing = 0;
		};
/* End PBXSourcesBuildPhase section */

/* Begin PBXTargetDependency section */
		428DE3352B8913E3009A44C1 /* PBXTargetDependency */ = {
			isa = PBXTargetDependency;
			target = 428DE31C2B8913E1009A44C1 /* DragonBallAPP */;
			targetProxy = 428DE3342B8913E3009A44C1 /* PBXContainerItemProxy */;
		};
		428DE33F2B8913E3009A44C1 /* PBXTargetDependency */ = {
			isa = PBXTargetDependency;
			target = 428DE31C2B8913E1009A44C1 /* DragonBallAPP */;
			targetProxy = 428DE33E2B8913E3009A44C1 /* PBXContainerItemProxy */;
		};
/* End PBXTargetDependency section */

/* Begin XCBuildConfiguration section */
		428DE3452B8913E3009A44C1 /* Debug */ = {
			isa = XCBuildConfiguration;
			buildSettings = {
				ALWAYS_SEARCH_USER_PATHS = NO;
				ASSETCATALOG_COMPILER_GENERATE_SWIFT_ASSET_SYMBOL_EXTENSIONS = YES;
				CLANG_ANALYZER_NONNULL = YES;
				CLANG_ANALYZER_NUMBER_OBJECT_CONVERSION = YES_AGGRESSIVE;
				CLANG_CXX_LANGUAGE_STANDARD = "gnu++20";
				CLANG_ENABLE_MODULES = YES;
				CLANG_ENABLE_OBJC_ARC = YES;
				CLANG_ENABLE_OBJC_WEAK = YES;
				CLANG_WARN_BLOCK_CAPTURE_AUTORELEASING = YES;
				CLANG_WARN_BOOL_CONVERSION = YES;
				CLANG_WARN_COMMA = YES;
				CLANG_WARN_CONSTANT_CONVERSION = YES;
				CLANG_WARN_DEPRECATED_OBJC_IMPLEMENTATIONS = YES;
				CLANG_WARN_DIRECT_OBJC_ISA_USAGE = YES_ERROR;
				CLANG_WARN_DOCUMENTATION_COMMENTS = YES;
				CLANG_WARN_EMPTY_BODY = YES;
				CLANG_WARN_ENUM_CONVERSION = YES;
				CLANG_WARN_INFINITE_RECURSION = YES;
				CLANG_WARN_INT_CONVERSION = YES;
				CLANG_WARN_NON_LITERAL_NULL_CONVERSION = YES;
				CLANG_WARN_OBJC_IMPLICIT_RETAIN_SELF = YES;
				CLANG_WARN_OBJC_LITERAL_CONVERSION = YES;
				CLANG_WARN_OBJC_ROOT_CLASS = YES_ERROR;
				CLANG_WARN_QUOTED_INCLUDE_IN_FRAMEWORK_HEADER = YES;
				CLANG_WARN_RANGE_LOOP_ANALYSIS = YES;
				CLANG_WARN_STRICT_PROTOTYPES = YES;
				CLANG_WARN_SUSPICIOUS_MOVE = YES;
				CLANG_WARN_UNGUARDED_AVAILABILITY = YES_AGGRESSIVE;
				CLANG_WARN_UNREACHABLE_CODE = YES;
				CLANG_WARN__DUPLICATE_METHOD_MATCH = YES;
				COPY_PHASE_STRIP = NO;
				DEBUG_INFORMATION_FORMAT = dwarf;
				ENABLE_STRICT_OBJC_MSGSEND = YES;
				ENABLE_TESTABILITY = YES;
				ENABLE_USER_SCRIPT_SANDBOXING = YES;
				GCC_C_LANGUAGE_STANDARD = gnu17;
				GCC_DYNAMIC_NO_PIC = NO;
				GCC_NO_COMMON_BLOCKS = YES;
				GCC_OPTIMIZATION_LEVEL = 0;
				GCC_PREPROCESSOR_DEFINITIONS = (
					"DEBUG=1",
					"$(inherited)",
				);
				GCC_WARN_64_TO_32_BIT_CONVERSION = YES;
				GCC_WARN_ABOUT_RETURN_TYPE = YES_ERROR;
				GCC_WARN_UNDECLARED_SELECTOR = YES;
				GCC_WARN_UNINITIALIZED_AUTOS = YES_AGGRESSIVE;
				GCC_WARN_UNUSED_FUNCTION = YES;
				GCC_WARN_UNUSED_VARIABLE = YES;
				IPHONEOS_DEPLOYMENT_TARGET = 17.2;
				LOCALIZATION_PREFERS_STRING_CATALOGS = YES;
				MTL_ENABLE_DEBUG_INFO = INCLUDE_SOURCE;
				MTL_FAST_MATH = YES;
				ONLY_ACTIVE_ARCH = YES;
				SDKROOT = iphoneos;
				SWIFT_ACTIVE_COMPILATION_CONDITIONS = "DEBUG $(inherited)";
				SWIFT_OPTIMIZATION_LEVEL = "-Onone";
			};
			name = Debug;
		};
		428DE3462B8913E3009A44C1 /* Release */ = {
			isa = XCBuildConfiguration;
			buildSettings = {
				ALWAYS_SEARCH_USER_PATHS = NO;
				ASSETCATALOG_COMPILER_GENERATE_SWIFT_ASSET_SYMBOL_EXTENSIONS = YES;
				CLANG_ANALYZER_NONNULL = YES;
				CLANG_ANALYZER_NUMBER_OBJECT_CONVERSION = YES_AGGRESSIVE;
				CLANG_CXX_LANGUAGE_STANDARD = "gnu++20";
				CLANG_ENABLE_MODULES = YES;
				CLANG_ENABLE_OBJC_ARC = YES;
				CLANG_ENABLE_OBJC_WEAK = YES;
				CLANG_WARN_BLOCK_CAPTURE_AUTORELEASING = YES;
				CLANG_WARN_BOOL_CONVERSION = YES;
				CLANG_WARN_COMMA = YES;
				CLANG_WARN_CONSTANT_CONVERSION = YES;
				CLANG_WARN_DEPRECATED_OBJC_IMPLEMENTATIONS = YES;
				CLANG_WARN_DIRECT_OBJC_ISA_USAGE = YES_ERROR;
				CLANG_WARN_DOCUMENTATION_COMMENTS = YES;
				CLANG_WARN_EMPTY_BODY = YES;
				CLANG_WARN_ENUM_CONVERSION = YES;
				CLANG_WARN_INFINITE_RECURSION = YES;
				CLANG_WARN_INT_CONVERSION = YES;
				CLANG_WARN_NON_LITERAL_NULL_CONVERSION = YES;
				CLANG_WARN_OBJC_IMPLICIT_RETAIN_SELF = YES;
				CLANG_WARN_OBJC_LITERAL_CONVERSION = YES;
				CLANG_WARN_OBJC_ROOT_CLASS = YES_ERROR;
				CLANG_WARN_QUOTED_INCLUDE_IN_FRAMEWORK_HEADER = YES;
				CLANG_WARN_RANGE_LOOP_ANALYSIS = YES;
				CLANG_WARN_STRICT_PROTOTYPES = YES;
				CLANG_WARN_SUSPICIOUS_MOVE = YES;
				CLANG_WARN_UNGUARDED_AVAILABILITY = YES_AGGRESSIVE;
				CLANG_WARN_UNREACHABLE_CODE = YES;
				CLANG_WARN__DUPLICATE_METHOD_MATCH = YES;
				COPY_PHASE_STRIP = NO;
				DEBUG_INFORMATION_FORMAT = "dwarf-with-dsym";
				ENABLE_NS_ASSERTIONS = NO;
				ENABLE_STRICT_OBJC_MSGSEND = YES;
				ENABLE_USER_SCRIPT_SANDBOXING = YES;
				GCC_C_LANGUAGE_STANDARD = gnu17;
				GCC_NO_COMMON_BLOCKS = YES;
				GCC_WARN_64_TO_32_BIT_CONVERSION = YES;
				GCC_WARN_ABOUT_RETURN_TYPE = YES_ERROR;
				GCC_WARN_UNDECLARED_SELECTOR = YES;
				GCC_WARN_UNINITIALIZED_AUTOS = YES_AGGRESSIVE;
				GCC_WARN_UNUSED_FUNCTION = YES;
				GCC_WARN_UNUSED_VARIABLE = YES;
				IPHONEOS_DEPLOYMENT_TARGET = 17.2;
				LOCALIZATION_PREFERS_STRING_CATALOGS = YES;
				MTL_ENABLE_DEBUG_INFO = NO;
				MTL_FAST_MATH = YES;
				SDKROOT = iphoneos;
				SWIFT_COMPILATION_MODE = wholemodule;
				VALIDATE_PRODUCT = YES;
			};
			name = Release;
		};
		428DE3482B8913E3009A44C1 /* Debug */ = {
			isa = XCBuildConfiguration;
			buildSettings = {
				ASSETCATALOG_COMPILER_APPICON_NAME = AppIcon;
				ASSETCATALOG_COMPILER_GLOBAL_ACCENT_COLOR_NAME = AccentColor;
				CODE_SIGN_STYLE = Automatic;
				CURRENT_PROJECT_VERSION = 1;
				DEVELOPMENT_TEAM = L6V6H2LAL2;
				GENERATE_INFOPLIST_FILE = YES;
				INFOPLIST_FILE = DragonBallAPP/Info.plist;
				INFOPLIST_KEY_NSLocationWhenInUseUsageDescription = "Necesito conocer tu ubicación para mostrar en mapa de detail";
				INFOPLIST_KEY_UILaunchStoryboardName = LaunchScreen;
				INFOPLIST_KEY_UISupportedInterfaceOrientations_iPad = "UIInterfaceOrientationPortrait UIInterfaceOrientationPortraitUpsideDown UIInterfaceOrientationLandscapeLeft UIInterfaceOrientationLandscapeRight";
				INFOPLIST_KEY_UISupportedInterfaceOrientations_iPhone = "UIInterfaceOrientationPortrait UIInterfaceOrientationLandscapeLeft UIInterfaceOrientationLandscapeRight";
				LD_RUNPATH_SEARCH_PATHS = (
					"$(inherited)",
					"@executable_path/Frameworks",
				);
				MARKETING_VERSION = 1.0;
				PRODUCT_BUNDLE_IDENTIFIER = J.B.C.DragonBallAPP;
				PRODUCT_NAME = "$(TARGET_NAME)";
				SWIFT_EMIT_LOC_STRINGS = YES;
				SWIFT_VERSION = 5.0;
				TARGETED_DEVICE_FAMILY = "1,2";
			};
			name = Debug;
		};
		428DE3492B8913E3009A44C1 /* Release */ = {
			isa = XCBuildConfiguration;
			buildSettings = {
				ASSETCATALOG_COMPILER_APPICON_NAME = AppIcon;
				ASSETCATALOG_COMPILER_GLOBAL_ACCENT_COLOR_NAME = AccentColor;
				CODE_SIGN_STYLE = Automatic;
				CURRENT_PROJECT_VERSION = 1;
				DEVELOPMENT_TEAM = L6V6H2LAL2;
				GENERATE_INFOPLIST_FILE = YES;
				INFOPLIST_FILE = DragonBallAPP/Info.plist;
				INFOPLIST_KEY_NSLocationWhenInUseUsageDescription = "Necesito conocer tu ubicación para mostrar en mapa de detail";
				INFOPLIST_KEY_UILaunchStoryboardName = LaunchScreen;
				INFOPLIST_KEY_UISupportedInterfaceOrientations_iPad = "UIInterfaceOrientationPortrait UIInterfaceOrientationPortraitUpsideDown UIInterfaceOrientationLandscapeLeft UIInterfaceOrientationLandscapeRight";
				INFOPLIST_KEY_UISupportedInterfaceOrientations_iPhone = "UIInterfaceOrientationPortrait UIInterfaceOrientationLandscapeLeft UIInterfaceOrientationLandscapeRight";
				LD_RUNPATH_SEARCH_PATHS = (
					"$(inherited)",
					"@executable_path/Frameworks",
				);
				MARKETING_VERSION = 1.0;
				PRODUCT_BUNDLE_IDENTIFIER = J.B.C.DragonBallAPP;
				PRODUCT_NAME = "$(TARGET_NAME)";
				SWIFT_EMIT_LOC_STRINGS = YES;
				SWIFT_VERSION = 5.0;
				TARGETED_DEVICE_FAMILY = "1,2";
			};
			name = Release;
		};
		428DE34B2B8913E3009A44C1 /* Debug */ = {
			isa = XCBuildConfiguration;
			buildSettings = {
				ALWAYS_EMBED_SWIFT_STANDARD_LIBRARIES = YES;
				BUNDLE_LOADER = "$(TEST_HOST)";
				CODE_SIGN_STYLE = Automatic;
				CURRENT_PROJECT_VERSION = 1;
				DEVELOPMENT_TEAM = L6V6H2LAL2;
				GENERATE_INFOPLIST_FILE = YES;
				IPHONEOS_DEPLOYMENT_TARGET = 17.2;
				MARKETING_VERSION = 1.0;
				PRODUCT_BUNDLE_IDENTIFIER = J.B.C.DragonBallAPPTests;
				PRODUCT_NAME = "$(TARGET_NAME)";
				SWIFT_EMIT_LOC_STRINGS = NO;
				SWIFT_VERSION = 5.0;
				TARGETED_DEVICE_FAMILY = "1,2";
				TEST_HOST = "$(BUILT_PRODUCTS_DIR)/DragonBallAPP.app/$(BUNDLE_EXECUTABLE_FOLDER_PATH)/DragonBallAPP";
			};
			name = Debug;
		};
		428DE34C2B8913E3009A44C1 /* Release */ = {
			isa = XCBuildConfiguration;
			buildSettings = {
				ALWAYS_EMBED_SWIFT_STANDARD_LIBRARIES = YES;
				BUNDLE_LOADER = "$(TEST_HOST)";
				CODE_SIGN_STYLE = Automatic;
				CURRENT_PROJECT_VERSION = 1;
				DEVELOPMENT_TEAM = L6V6H2LAL2;
				GENERATE_INFOPLIST_FILE = YES;
				IPHONEOS_DEPLOYMENT_TARGET = 17.2;
				MARKETING_VERSION = 1.0;
				PRODUCT_BUNDLE_IDENTIFIER = J.B.C.DragonBallAPPTests;
				PRODUCT_NAME = "$(TARGET_NAME)";
				SWIFT_EMIT_LOC_STRINGS = NO;
				SWIFT_VERSION = 5.0;
				TARGETED_DEVICE_FAMILY = "1,2";
				TEST_HOST = "$(BUILT_PRODUCTS_DIR)/DragonBallAPP.app/$(BUNDLE_EXECUTABLE_FOLDER_PATH)/DragonBallAPP";
			};
			name = Release;
		};
		428DE34E2B8913E3009A44C1 /* Debug */ = {
			isa = XCBuildConfiguration;
			buildSettings = {
				ALWAYS_EMBED_SWIFT_STANDARD_LIBRARIES = YES;
				CODE_SIGN_STYLE = Automatic;
				CURRENT_PROJECT_VERSION = 1;
				DEVELOPMENT_TEAM = L6V6H2LAL2;
				GENERATE_INFOPLIST_FILE = YES;
				MARKETING_VERSION = 1.0;
				PRODUCT_BUNDLE_IDENTIFIER = J.B.C.DragonBallAPPUITests;
				PRODUCT_NAME = "$(TARGET_NAME)";
				SWIFT_EMIT_LOC_STRINGS = NO;
				SWIFT_VERSION = 5.0;
				TARGETED_DEVICE_FAMILY = "1,2";
				TEST_TARGET_NAME = DragonBallAPP;
			};
			name = Debug;
		};
		428DE34F2B8913E3009A44C1 /* Release */ = {
			isa = XCBuildConfiguration;
			buildSettings = {
				ALWAYS_EMBED_SWIFT_STANDARD_LIBRARIES = YES;
				CODE_SIGN_STYLE = Automatic;
				CURRENT_PROJECT_VERSION = 1;
				DEVELOPMENT_TEAM = L6V6H2LAL2;
				GENERATE_INFOPLIST_FILE = YES;
				MARKETING_VERSION = 1.0;
				PRODUCT_BUNDLE_IDENTIFIER = J.B.C.DragonBallAPPUITests;
				PRODUCT_NAME = "$(TARGET_NAME)";
				SWIFT_EMIT_LOC_STRINGS = NO;
				SWIFT_VERSION = 5.0;
				TARGETED_DEVICE_FAMILY = "1,2";
				TEST_TARGET_NAME = DragonBallAPP;
			};
			name = Release;
		};
/* End XCBuildConfiguration section */

/* Begin XCConfigurationList section */
		428DE3182B8913E1009A44C1 /* Build configuration list for PBXProject "DragonBallAPP" */ = {
			isa = XCConfigurationList;
			buildConfigurations = (
				428DE3452B8913E3009A44C1 /* Debug */,
				428DE3462B8913E3009A44C1 /* Release */,
			);
			defaultConfigurationIsVisible = 0;
			defaultConfigurationName = Release;
		};
		428DE3472B8913E3009A44C1 /* Build configuration list for PBXNativeTarget "DragonBallAPP" */ = {
			isa = XCConfigurationList;
			buildConfigurations = (
				428DE3482B8913E3009A44C1 /* Debug */,
				428DE3492B8913E3009A44C1 /* Release */,
			);
			defaultConfigurationIsVisible = 0;
			defaultConfigurationName = Release;
		};
		428DE34A2B8913E3009A44C1 /* Build configuration list for PBXNativeTarget "DragonBallAPPTests" */ = {
			isa = XCConfigurationList;
			buildConfigurations = (
				428DE34B2B8913E3009A44C1 /* Debug */,
				428DE34C2B8913E3009A44C1 /* Release */,
			);
			defaultConfigurationIsVisible = 0;
			defaultConfigurationName = Release;
		};
		428DE34D2B8913E3009A44C1 /* Build configuration list for PBXNativeTarget "DragonBallAPPUITests" */ = {
			isa = XCConfigurationList;
			buildConfigurations = (
				428DE34E2B8913E3009A44C1 /* Debug */,
				428DE34F2B8913E3009A44C1 /* Release */,
			);
			defaultConfigurationIsVisible = 0;
			defaultConfigurationName = Release;
		};
/* End XCConfigurationList section */

/* Begin XCRemoteSwiftPackageReference section */
		4297CDCA2B8BA82A00D46E59 /* XCRemoteSwiftPackageReference "keychain-swift" */ = {
			isa = XCRemoteSwiftPackageReference;
			repositoryURL = "https://github.com/evgenyneu/keychain-swift.git";
			requirement = {
				kind = exactVersion;
				version = 21.0.0;
			};
		};
/* End XCRemoteSwiftPackageReference section */

/* Begin XCSwiftPackageProductDependency section */
		4297CDCB2B8BA82A00D46E59 /* KeychainSwift */ = {
			isa = XCSwiftPackageProductDependency;
			package = 4297CDCA2B8BA82A00D46E59 /* XCRemoteSwiftPackageReference "keychain-swift" */;
			productName = KeychainSwift;
		};
/* End XCSwiftPackageProductDependency section */

/* Begin XCVersionGroup section */
		4297CDFB2B8F46B700D46E59 /* Model.xcdatamodeld */ = {
			isa = XCVersionGroup;
			children = (
				4297CDFC2B8F46B700D46E59 /* Model.xcdatamodel */,
			);
			currentVersion = 4297CDFC2B8F46B700D46E59 /* Model.xcdatamodel */;
			path = Model.xcdatamodeld;
			sourceTree = "<group>";
			versionGroupType = wrapper.xcdatamodel;
		};
/* End XCVersionGroup section */
	};
	rootObject = 428DE3152B8913E1009A44C1 /* Project object */;
}
