// !$*UTF8*$!
{
	archiveVersion = 1;
	classes = {
	};
	objectVersion = 56;
	objects = {

/* Begin PBXBuildFile section */
		428DE3212B8913E1009A44C1 /* AppDelegate.swift in Sources */ = {isa = PBXBuildFile; fileRef = 428DE3202B8913E1009A44C1 /* AppDelegate.swift */; };
		428DE3232B8913E1009A44C1 /* SceneDelegate.swift in Sources */ = {isa = PBXBuildFile; fileRef = 428DE3222B8913E1009A44C1 /* SceneDelegate.swift */; };
		428DE32A2B8913E2009A44C1 /* Assets.xcassets in Resources */ = {isa = PBXBuildFile; fileRef = 428DE3292B8913E2009A44C1 /* Assets.xcassets */; };
		428DE32D2B8913E2009A44C1 /* LaunchScreen.storyboard in Resources */ = {isa = PBXBuildFile; fileRef = 428DE32B2B8913E2009A44C1 /* LaunchScreen.storyboard */; };
		428DE3382B8913E3009A44C1 /* DragonBallAPPTests.swift in Sources */ = {isa = PBXBuildFile; fileRef = 428DE3372B8913E3009A44C1 /* DragonBallAPPTests.swift */; };
		428DE3422B8913E3009A44C1 /* DragonBallAPPUITests.swift in Sources */ = {isa = PBXBuildFile; fileRef = 428DE3412B8913E3009A44C1 /* DragonBallAPPUITests.swift */; };
		428DE3442B8913E3009A44C1 /* DragonBallAPPUITestsLaunchTests.swift in Sources */ = {isa = PBXBuildFile; fileRef = 428DE3432B8913E3009A44C1 /* DragonBallAPPUITestsLaunchTests.swift */; };
		428DE35D2B891643009A44C1 /* SplashVC.swift in Sources */ = {isa = PBXBuildFile; fileRef = 428DE35B2B891643009A44C1 /* SplashVC.swift */; };
		428DE35E2B891643009A44C1 /* SplashVC.xib in Resources */ = {isa = PBXBuildFile; fileRef = 428DE35C2B891643009A44C1 /* SplashVC.xib */; };
		428DE35F2B891651009A44C1 /* SplashVC.swift in Sources */ = {isa = PBXBuildFile; fileRef = 428DE35B2B891643009A44C1 /* SplashVC.swift */; };
		428DE3602B891651009A44C1 /* SplashVC.swift in Sources */ = {isa = PBXBuildFile; fileRef = 428DE35B2B891643009A44C1 /* SplashVC.swift */; };
/* End PBXBuildFile section */

/* Begin PBXContainerItemProxy section */
		428DE3342B8913E3009A44C1 /* PBXContainerItemProxy */ = {
			isa = PBXContainerItemProxy;
			containerPortal = 428DE3152B8913E1009A44C1 /* Project object */;
			proxyType = 1;
			remoteGlobalIDString = 428DE31C2B8913E1009A44C1;
			remoteInfo = DragonBallAPP;
		};
		428DE33E2B8913E3009A44C1 /* PBXContainerItemProxy */ = {
			isa = PBXContainerItemProxy;
			containerPortal = 428DE3152B8913E1009A44C1 /* Project object */;
			proxyType = 1;
			remoteGlobalIDString = 428DE31C2B8913E1009A44C1;
			remoteInfo = DragonBallAPP;
		};
/* End PBXContainerItemProxy section */

/* Begin PBXFileReference section */
		428DE31D2B8913E1009A44C1 /* DragonBallAPP.app */ = {isa = PBXFileReference; explicitFileType = wrapper.application; includeInIndex = 0; path = DragonBallAPP.app; sourceTree = BUILT_PRODUCTS_DIR; };
		428DE3202B8913E1009A44C1 /* AppDelegate.swift */ = {isa = PBXFileReference; lastKnownFileType = sourcecode.swift; path = AppDelegate.swift; sourceTree = "<group>"; };
		428DE3222B8913E1009A44C1 /* SceneDelegate.swift */ = {isa = PBXFileReference; lastKnownFileType = sourcecode.swift; path = SceneDelegate.swift; sourceTree = "<group>"; };
		428DE3292B8913E2009A44C1 /* Assets.xcassets */ = {isa = PBXFileReference; lastKnownFileType = folder.assetcatalog; path = Assets.xcassets; sourceTree = "<group>"; };
		428DE32C2B8913E2009A44C1 /* Base */ = {isa = PBXFileReference; lastKnownFileType = file.storyboard; name = Base; path = Base.lproj/LaunchScreen.storyboard; sourceTree = "<group>"; };
		428DE32E2B8913E2009A44C1 /* Info.plist */ = {isa = PBXFileReference; lastKnownFileType = text.plist.xml; path = Info.plist; sourceTree = "<group>"; };
		428DE3332B8913E3009A44C1 /* DragonBallAPPTests.xctest */ = {isa = PBXFileReference; explicitFileType = wrapper.cfbundle; includeInIndex = 0; path = DragonBallAPPTests.xctest; sourceTree = BUILT_PRODUCTS_DIR; };
		428DE3372B8913E3009A44C1 /* DragonBallAPPTests.swift */ = {isa = PBXFileReference; lastKnownFileType = sourcecode.swift; path = DragonBallAPPTests.swift; sourceTree = "<group>"; };
		428DE33D2B8913E3009A44C1 /* DragonBallAPPUITests.xctest */ = {isa = PBXFileReference; explicitFileType = wrapper.cfbundle; includeInIndex = 0; path = DragonBallAPPUITests.xctest; sourceTree = BUILT_PRODUCTS_DIR; };
		428DE3412B8913E3009A44C1 /* DragonBallAPPUITests.swift */ = {isa = PBXFileReference; lastKnownFileType = sourcecode.swift; path = DragonBallAPPUITests.swift; sourceTree = "<group>"; };
		428DE3432B8913E3009A44C1 /* DragonBallAPPUITestsLaunchTests.swift */ = {isa = PBXFileReference; lastKnownFileType = sourcecode.swift; path = DragonBallAPPUITestsLaunchTests.swift; sourceTree = "<group>"; };
		428DE35B2B891643009A44C1 /* SplashVC.swift */ = {isa = PBXFileReference; lastKnownFileType = sourcecode.swift; path = SplashVC.swift; sourceTree = "<group>"; };
		428DE35C2B891643009A44C1 /* SplashVC.xib */ = {isa = PBXFileReference; lastKnownFileType = file.xib; path = SplashVC.xib; sourceTree = "<group>"; };
/* End PBXFileReference section */

/* Begin PBXFrameworksBuildPhase section */
		428DE31A2B8913E1009A44C1 /* Frameworks */ = {
			isa = PBXFrameworksBuildPhase;
			buildActionMask = 2147483647;
			files = (
			);
			runOnlyForDeploymentPostprocessing = 0;
		};
		428DE3302B8913E3009A44C1 /* Frameworks */ = {
			isa = PBXFrameworksBuildPhase;
			buildActionMask = 2147483647;
			files = (
			);
			runOnlyForDeploymentPostprocessing = 0;
		};
		428DE33A2B8913E3009A44C1 /* Frameworks */ = {
			isa = PBXFrameworksBuildPhase;
			buildActionMask = 2147483647;
			files = (
			);
			runOnlyForDeploymentPostprocessing = 0;
		};
/* End PBXFrameworksBuildPhase section */

/* Begin PBXGroup section */
		428DE3142B8913E1009A44C1 = {
			isa = PBXGroup;
			children = (
				428DE31F2B8913E1009A44C1 /* DragonBallAPP */,
				428DE3362B8913E3009A44C1 /* DragonBallAPPTests */,
				428DE3402B8913E3009A44C1 /* DragonBallAPPUITests */,
				428DE31E2B8913E1009A44C1 /* Products */,
			);
			sourceTree = "<group>";
		};
		428DE31E2B8913E1009A44C1 /* Products */ = {
			isa = PBXGroup;
			children = (
				428DE31D2B8913E1009A44C1 /* DragonBallAPP.app */,
				428DE3332B8913E3009A44C1 /* DragonBallAPPTests.xctest */,
				428DE33D2B8913E3009A44C1 /* DragonBallAPPUITests.xctest */,
			);
			name = Products;
			sourceTree = "<group>";
		};
		428DE31F2B8913E1009A44C1 /* DragonBallAPP */ = {
			isa = PBXGroup;
			children = (
				428DE32E2B8913E2009A44C1 /* Info.plist */,
				428DE3202B8913E1009A44C1 /* AppDelegate.swift */,
				428DE3222B8913E1009A44C1 /* SceneDelegate.swift */,
				428DE32B2B8913E2009A44C1 /* LaunchScreen.storyboard */,
				428DE3292B8913E2009A44C1 /* Assets.xcassets */,
				428DE3522B89152A009A44C1 /* Presentation */,
				428DE3512B891521009A44C1 /* Domain */,
				428DE3502B891515009A44C1 /* Data */,
			);
			path = DragonBallAPP;
			sourceTree = "<group>";
		};
		428DE3362B8913E3009A44C1 /* DragonBallAPPTests */ = {
			isa = PBXGroup;
			children = (
				428DE3372B8913E3009A44C1 /* DragonBallAPPTests.swift */,
			);
			path = DragonBallAPPTests;
			sourceTree = "<group>";
		};
		428DE3402B8913E3009A44C1 /* DragonBallAPPUITests */ = {
			isa = PBXGroup;
			children = (
				428DE3412B8913E3009A44C1 /* DragonBallAPPUITests.swift */,
				428DE3432B8913E3009A44C1 /* DragonBallAPPUITestsLaunchTests.swift */,
			);
			path = DragonBallAPPUITests;
			sourceTree = "<group>";
		};
		428DE3502B891515009A44C1 /* Data */ = {
			isa = PBXGroup;
			children = (
				428DE3592B89159C009A44C1 /* Repository */,
				428DE3582B891592009A44C1 /* Network */,
				428DE3572B89158C009A44C1 /* Local */,
			);
			path = Data;
			sourceTree = "<group>";
		};
		428DE3512B891521009A44C1 /* Domain */ = {
			isa = PBXGroup;
			children = (
				428DE3562B89157F009A44C1 /* Models */,
				428DE3552B891577009A44C1 /* UseCases */,
			);
			path = Domain;
			sourceTree = "<group>";
		};
		428DE3522B89152A009A44C1 /* Presentation */ = {
			isa = PBXGroup;
			children = (
				428DE3542B891564009A44C1 /* Views */,
				428DE3532B89155B009A44C1 /* ViewModels */,
			);
			path = Presentation;
			sourceTree = "<group>";
		};
		428DE3532B89155B009A44C1 /* ViewModels */ = {
			isa = PBXGroup;
			children = (
			);
			path = ViewModels;
			sourceTree = "<group>";
		};
		428DE3542B891564009A44C1 /* Views */ = {
			isa = PBXGroup;
			children = (
				428DE35A2B891615009A44C1 /* Splash */,
			);
			path = Views;
			sourceTree = "<group>";
		};
		428DE3552B891577009A44C1 /* UseCases */ = {
			isa = PBXGroup;
			children = (
			);
			path = UseCases;
			sourceTree = "<group>";
		};
		428DE3562B89157F009A44C1 /* Models */ = {
			isa = PBXGroup;
			children = (
			);
			path = Models;
			sourceTree = "<group>";
		};
		428DE3572B89158C009A44C1 /* Local */ = {
			isa = PBXGroup;
			children = (
			);
			path = Local;
			sourceTree = "<group>";
		};
		428DE3582B891592009A44C1 /* Network */ = {
			isa = PBXGroup;
			children = (
			);
			path = Network;
			sourceTree = "<group>";
		};
		428DE3592B89159C009A44C1 /* Repository */ = {
			isa = PBXGroup;
			children = (
			);
			path = Repository;
			sourceTree = "<group>";
		};
		428DE35A2B891615009A44C1 /* Splash */ = {
			isa = PBXGroup;
			children = (
				428DE35B2B891643009A44C1 /* SplashVC.swift */,
				428DE35C2B891643009A44C1 /* SplashVC.xib */,
			);
			path = Splash;
			sourceTree = "<group>";
		};
/* End PBXGroup section */

/* Begin PBXNativeTarget section */
		428DE31C2B8913E1009A44C1 /* DragonBallAPP */ = {
			isa = PBXNativeTarget;
			buildConfigurationList = 428DE3472B8913E3009A44C1 /* Build configuration list for PBXNativeTarget "DragonBallAPP" */;
			buildPhases = (
				428DE3192B8913E1009A44C1 /* Sources */,
				428DE31A2B8913E1009A44C1 /* Frameworks */,
				428DE31B2B8913E1009A44C1 /* Resources */,
			);
			buildRules = (
			);
			dependencies = (
			);
			name = DragonBallAPP;
			productName = DragonBallAPP;
			productReference = 428DE31D2B8913E1009A44C1 /* DragonBallAPP.app */;
			productType = "com.apple.product-type.application";
		};
		428DE3322B8913E3009A44C1 /* DragonBallAPPTests */ = {
			isa = PBXNativeTarget;
			buildConfigurationList = 428DE34A2B8913E3009A44C1 /* Build configuration list for PBXNativeTarget "DragonBallAPPTests" */;
			buildPhases = (
				428DE32F2B8913E3009A44C1 /* Sources */,
				428DE3302B8913E3009A44C1 /* Frameworks */,
				428DE3312B8913E3009A44C1 /* Resources */,
			);
			buildRules = (
			);
			dependencies = (
				428DE3352B8913E3009A44C1 /* PBXTargetDependency */,
			);
			name = DragonBallAPPTests;
			productName = DragonBallAPPTests;
			productReference = 428DE3332B8913E3009A44C1 /* DragonBallAPPTests.xctest */;
			productType = "com.apple.product-type.bundle.unit-test";
		};
		428DE33C2B8913E3009A44C1 /* DragonBallAPPUITests */ = {
			isa = PBXNativeTarget;
			buildConfigurationList = 428DE34D2B8913E3009A44C1 /* Build configuration list for PBXNativeTarget "DragonBallAPPUITests" */;
			buildPhases = (
				428DE3392B8913E3009A44C1 /* Sources */,
				428DE33A2B8913E3009A44C1 /* Frameworks */,
				428DE33B2B8913E3009A44C1 /* Resources */,
			);
			buildRules = (
			);
			dependencies = (
				428DE33F2B8913E3009A44C1 /* PBXTargetDependency */,
			);
			name = DragonBallAPPUITests;
			productName = DragonBallAPPUITests;
			productReference = 428DE33D2B8913E3009A44C1 /* DragonBallAPPUITests.xctest */;
			productType = "com.apple.product-type.bundle.ui-testing";
		};
/* End PBXNativeTarget section */

/* Begin PBXProject section */
		428DE3152B8913E1009A44C1 /* Project object */ = {
			isa = PBXProject;
			attributes = {
				BuildIndependentTargetsInParallel = 1;
				LastSwiftUpdateCheck = 1510;
				LastUpgradeCheck = 1510;
				TargetAttributes = {
					428DE31C2B8913E1009A44C1 = {
						CreatedOnToolsVersion = 15.1;
					};
					428DE3322B8913E3009A44C1 = {
						CreatedOnToolsVersion = 15.1;
						TestTargetID = 428DE31C2B8913E1009A44C1;
					};
					428DE33C2B8913E3009A44C1 = {
						CreatedOnToolsVersion = 15.1;
						TestTargetID = 428DE31C2B8913E1009A44C1;
					};
				};
			};
			buildConfigurationList = 428DE3182B8913E1009A44C1 /* Build configuration list for PBXProject "DragonBallAPP" */;
			compatibilityVersion = "Xcode 14.0";
			developmentRegion = en;
			hasScannedForEncodings = 0;
			knownRegions = (
				en,
				Base,
			);
			mainGroup = 428DE3142B8913E1009A44C1;
			productRefGroup = 428DE31E2B8913E1009A44C1 /* Products */;
			projectDirPath = "";
			projectRoot = "";
			targets = (
				428DE31C2B8913E1009A44C1 /* DragonBallAPP */,
				428DE3322B8913E3009A44C1 /* DragonBallAPPTests */,
				428DE33C2B8913E3009A44C1 /* DragonBallAPPUITests */,
			);
		};
/* End PBXProject section */

/* Begin PBXResourcesBuildPhase section */
		428DE31B2B8913E1009A44C1 /* Resources */ = {
			isa = PBXResourcesBuildPhase;
			buildActionMask = 2147483647;
			files = (
				428DE32D2B8913E2009A44C1 /* LaunchScreen.storyboard in Resources */,
				428DE35E2B891643009A44C1 /* SplashVC.xib in Resources */,
				428DE32A2B8913E2009A44C1 /* Assets.xcassets in Resources */,
			);
			runOnlyForDeploymentPostprocessing = 0;
		};
		428DE3312B8913E3009A44C1 /* Resources */ = {
			isa = PBXResourcesBuildPhase;
			buildActionMask = 2147483647;
			files = (
			);
			runOnlyForDeploymentPostprocessing = 0;
		};
		428DE33B2B8913E3009A44C1 /* Resources */ = {
			isa = PBXResourcesBuildPhase;
			buildActionMask = 2147483647;
			files = (
			);
			runOnlyForDeploymentPostprocessing = 0;
		};
/* End PBXResourcesBuildPhase section */

/* Begin PBXSourcesBuildPhase section */
		428DE3192B8913E1009A44C1 /* Sources */ = {
			isa = PBXSourcesBuildPhase;
			buildActionMask = 2147483647;
			files = (
				428DE35D2B891643009A44C1 /* SplashVC.swift in Sources */,
				428DE3212B8913E1009A44C1 /* AppDelegate.swift in Sources */,
				428DE3232B8913E1009A44C1 /* SceneDelegate.swift in Sources */,
			);
			runOnlyForDeploymentPostprocessing = 0;
		};
		428DE32F2B8913E3009A44C1 /* Sources */ = {
			isa = PBXSourcesBuildPhase;
			buildActionMask = 2147483647;
			files = (
				428DE3382B8913E3009A44C1 /* DragonBallAPPTests.swift in Sources */,
				428DE35F2B891651009A44C1 /* SplashVC.swift in Sources */,
			);
			runOnlyForDeploymentPostprocessing = 0;
		};
		428DE3392B8913E3009A44C1 /* Sources */ = {
			isa = PBXSourcesBuildPhase;
			buildActionMask = 2147483647;
			files = (
				428DE3602B891651009A44C1 /* SplashVC.swift in Sources */,
				428DE3442B8913E3009A44C1 /* DragonBallAPPUITestsLaunchTests.swift in Sources */,
				428DE3422B8913E3009A44C1 /* DragonBallAPPUITests.swift in Sources */,
			);
			runOnlyForDeploymentPostprocessing = 0;
		};
/* End PBXSourcesBuildPhase section */

/* Begin PBXTargetDependency section */
		428DE3352B8913E3009A44C1 /* PBXTargetDependency */ = {
			isa = PBXTargetDependency;
			target = 428DE31C2B8913E1009A44C1 /* DragonBallAPP */;
			targetProxy = 428DE3342B8913E3009A44C1 /* PBXContainerItemProxy */;
		};
		428DE33F2B8913E3009A44C1 /* PBXTargetDependency */ = {
			isa = PBXTargetDependency;
			target = 428DE31C2B8913E1009A44C1 /* DragonBallAPP */;
			targetProxy = 428DE33E2B8913E3009A44C1 /* PBXContainerItemProxy */;
		};
/* End PBXTargetDependency section */

/* Begin PBXVariantGroup section */
		428DE32B2B8913E2009A44C1 /* LaunchScreen.storyboard */ = {
			isa = PBXVariantGroup;
			children = (
				428DE32C2B8913E2009A44C1 /* Base */,
			);
			name = LaunchScreen.storyboard;
			sourceTree = "<group>";
		};
/* End PBXVariantGroup section */

/* Begin XCBuildConfiguration section */
		428DE3452B8913E3009A44C1 /* Debug */ = {
			isa = XCBuildConfiguration;
			buildSettings = {
				ALWAYS_SEARCH_USER_PATHS = NO;
				ASSETCATALOG_COMPILER_GENERATE_SWIFT_ASSET_SYMBOL_EXTENSIONS = YES;
				CLANG_ANALYZER_NONNULL = YES;
				CLANG_ANALYZER_NUMBER_OBJECT_CONVERSION = YES_AGGRESSIVE;
				CLANG_CXX_LANGUAGE_STANDARD = "gnu++20";
				CLANG_ENABLE_MODULES = YES;
				CLANG_ENABLE_OBJC_ARC = YES;
				CLANG_ENABLE_OBJC_WEAK = YES;
				CLANG_WARN_BLOCK_CAPTURE_AUTORELEASING = YES;
				CLANG_WARN_BOOL_CONVERSION = YES;
				CLANG_WARN_COMMA = YES;
				CLANG_WARN_CONSTANT_CONVERSION = YES;
				CLANG_WARN_DEPRECATED_OBJC_IMPLEMENTATIONS = YES;
				CLANG_WARN_DIRECT_OBJC_ISA_USAGE = YES_ERROR;
				CLANG_WARN_DOCUMENTATION_COMMENTS = YES;
				CLANG_WARN_EMPTY_BODY = YES;
				CLANG_WARN_ENUM_CONVERSION = YES;
				CLANG_WARN_INFINITE_RECURSION = YES;
				CLANG_WARN_INT_CONVERSION = YES;
				CLANG_WARN_NON_LITERAL_NULL_CONVERSION = YES;
				CLANG_WARN_OBJC_IMPLICIT_RETAIN_SELF = YES;
				CLANG_WARN_OBJC_LITERAL_CONVERSION = YES;
				CLANG_WARN_OBJC_ROOT_CLASS = YES_ERROR;
				CLANG_WARN_QUOTED_INCLUDE_IN_FRAMEWORK_HEADER = YES;
				CLANG_WARN_RANGE_LOOP_ANALYSIS = YES;
				CLANG_WARN_STRICT_PROTOTYPES = YES;
				CLANG_WARN_SUSPICIOUS_MOVE = YES;
				CLANG_WARN_UNGUARDED_AVAILABILITY = YES_AGGRESSIVE;
				CLANG_WARN_UNREACHABLE_CODE = YES;
				CLANG_WARN__DUPLICATE_METHOD_MATCH = YES;
				COPY_PHASE_STRIP = NO;
				DEBUG_INFORMATION_FORMAT = dwarf;
				ENABLE_STRICT_OBJC_MSGSEND = YES;
				ENABLE_TESTABILITY = YES;
				ENABLE_USER_SCRIPT_SANDBOXING = YES;
				GCC_C_LANGUAGE_STANDARD = gnu17;
				GCC_DYNAMIC_NO_PIC = NO;
				GCC_NO_COMMON_BLOCKS = YES;
				GCC_OPTIMIZATION_LEVEL = 0;
				GCC_PREPROCESSOR_DEFINITIONS = (
					"DEBUG=1",
					"$(inherited)",
				);
				GCC_WARN_64_TO_32_BIT_CONVERSION = YES;
				GCC_WARN_ABOUT_RETURN_TYPE = YES_ERROR;
				GCC_WARN_UNDECLARED_SELECTOR = YES;
				GCC_WARN_UNINITIALIZED_AUTOS = YES_AGGRESSIVE;
				GCC_WARN_UNUSED_FUNCTION = YES;
				GCC_WARN_UNUSED_VARIABLE = YES;
				IPHONEOS_DEPLOYMENT_TARGET = 17.2;
				LOCALIZATION_PREFERS_STRING_CATALOGS = YES;
				MTL_ENABLE_DEBUG_INFO = INCLUDE_SOURCE;
				MTL_FAST_MATH = YES;
				ONLY_ACTIVE_ARCH = YES;
				SDKROOT = iphoneos;
				SWIFT_ACTIVE_COMPILATION_CONDITIONS = "DEBUG $(inherited)";
				SWIFT_OPTIMIZATION_LEVEL = "-Onone";
			};
			name = Debug;
		};
		428DE3462B8913E3009A44C1 /* Release */ = {
			isa = XCBuildConfiguration;
			buildSettings = {
				ALWAYS_SEARCH_USER_PATHS = NO;
				ASSETCATALOG_COMPILER_GENERATE_SWIFT_ASSET_SYMBOL_EXTENSIONS = YES;
				CLANG_ANALYZER_NONNULL = YES;
				CLANG_ANALYZER_NUMBER_OBJECT_CONVERSION = YES_AGGRESSIVE;
				CLANG_CXX_LANGUAGE_STANDARD = "gnu++20";
				CLANG_ENABLE_MODULES = YES;
				CLANG_ENABLE_OBJC_ARC = YES;
				CLANG_ENABLE_OBJC_WEAK = YES;
				CLANG_WARN_BLOCK_CAPTURE_AUTORELEASING = YES;
				CLANG_WARN_BOOL_CONVERSION = YES;
				CLANG_WARN_COMMA = YES;
				CLANG_WARN_CONSTANT_CONVERSION = YES;
				CLANG_WARN_DEPRECATED_OBJC_IMPLEMENTATIONS = YES;
				CLANG_WARN_DIRECT_OBJC_ISA_USAGE = YES_ERROR;
				CLANG_WARN_DOCUMENTATION_COMMENTS = YES;
				CLANG_WARN_EMPTY_BODY = YES;
				CLANG_WARN_ENUM_CONVERSION = YES;
				CLANG_WARN_INFINITE_RECURSION = YES;
				CLANG_WARN_INT_CONVERSION = YES;
				CLANG_WARN_NON_LITERAL_NULL_CONVERSION = YES;
				CLANG_WARN_OBJC_IMPLICIT_RETAIN_SELF = YES;
				CLANG_WARN_OBJC_LITERAL_CONVERSION = YES;
				CLANG_WARN_OBJC_ROOT_CLASS = YES_ERROR;
				CLANG_WARN_QUOTED_INCLUDE_IN_FRAMEWORK_HEADER = YES;
				CLANG_WARN_RANGE_LOOP_ANALYSIS = YES;
				CLANG_WARN_STRICT_PROTOTYPES = YES;
				CLANG_WARN_SUSPICIOUS_MOVE = YES;
				CLANG_WARN_UNGUARDED_AVAILABILITY = YES_AGGRESSIVE;
				CLANG_WARN_UNREACHABLE_CODE = YES;
				CLANG_WARN__DUPLICATE_METHOD_MATCH = YES;
				COPY_PHASE_STRIP = NO;
				DEBUG_INFORMATION_FORMAT = "dwarf-with-dsym";
				ENABLE_NS_ASSERTIONS = NO;
				ENABLE_STRICT_OBJC_MSGSEND = YES;
				ENABLE_USER_SCRIPT_SANDBOXING = YES;
				GCC_C_LANGUAGE_STANDARD = gnu17;
				GCC_NO_COMMON_BLOCKS = YES;
				GCC_WARN_64_TO_32_BIT_CONVERSION = YES;
				GCC_WARN_ABOUT_RETURN_TYPE = YES_ERROR;
				GCC_WARN_UNDECLARED_SELECTOR = YES;
				GCC_WARN_UNINITIALIZED_AUTOS = YES_AGGRESSIVE;
				GCC_WARN_UNUSED_FUNCTION = YES;
				GCC_WARN_UNUSED_VARIABLE = YES;
				IPHONEOS_DEPLOYMENT_TARGET = 17.2;
				LOCALIZATION_PREFERS_STRING_CATALOGS = YES;
				MTL_ENABLE_DEBUG_INFO = NO;
				MTL_FAST_MATH = YES;
				SDKROOT = iphoneos;
				SWIFT_COMPILATION_MODE = wholemodule;
				VALIDATE_PRODUCT = YES;
			};
			name = Release;
		};
		428DE3482B8913E3009A44C1 /* Debug */ = {
			isa = XCBuildConfiguration;
			buildSettings = {
				ASSETCATALOG_COMPILER_APPICON_NAME = AppIcon;
				ASSETCATALOG_COMPILER_GLOBAL_ACCENT_COLOR_NAME = AccentColor;
				CODE_SIGN_STYLE = Automatic;
				CURRENT_PROJECT_VERSION = 1;
				DEVELOPMENT_TEAM = L6V6H2LAL2;
				GENERATE_INFOPLIST_FILE = YES;
				INFOPLIST_FILE = DragonBallAPP/Info.plist;
				INFOPLIST_KEY_UIApplicationSupportsIndirectInputEvents = YES;
				INFOPLIST_KEY_UILaunchStoryboardName = LaunchScreen;
				INFOPLIST_KEY_UISupportedInterfaceOrientations_iPad = "UIInterfaceOrientationPortrait UIInterfaceOrientationPortraitUpsideDown UIInterfaceOrientationLandscapeLeft UIInterfaceOrientationLandscapeRight";
				INFOPLIST_KEY_UISupportedInterfaceOrientations_iPhone = "UIInterfaceOrientationPortrait UIInterfaceOrientationLandscapeLeft UIInterfaceOrientationLandscapeRight";
				LD_RUNPATH_SEARCH_PATHS = (
					"$(inherited)",
					"@executable_path/Frameworks",
				);
				MARKETING_VERSION = 1.0;
				PRODUCT_BUNDLE_IDENTIFIER = J.B.C.DragonBallAPP;
				PRODUCT_NAME = "$(TARGET_NAME)";
				SWIFT_EMIT_LOC_STRINGS = YES;
				SWIFT_VERSION = 5.0;
				TARGETED_DEVICE_FAMILY = "1,2";
			};
			name = Debug;
		};
		428DE3492B8913E3009A44C1 /* Release */ = {
			isa = XCBuildConfiguration;
			buildSettings = {
				ASSETCATALOG_COMPILER_APPICON_NAME = AppIcon;
				ASSETCATALOG_COMPILER_GLOBAL_ACCENT_COLOR_NAME = AccentColor;
				CODE_SIGN_STYLE = Automatic;
				CURRENT_PROJECT_VERSION = 1;
				DEVELOPMENT_TEAM = L6V6H2LAL2;
				GENERATE_INFOPLIST_FILE = YES;
				INFOPLIST_FILE = DragonBallAPP/Info.plist;
				INFOPLIST_KEY_UIApplicationSupportsIndirectInputEvents = YES;
				INFOPLIST_KEY_UILaunchStoryboardName = LaunchScreen;
				INFOPLIST_KEY_UISupportedInterfaceOrientations_iPad = "UIInterfaceOrientationPortrait UIInterfaceOrientationPortraitUpsideDown UIInterfaceOrientationLandscapeLeft UIInterfaceOrientationLandscapeRight";
				INFOPLIST_KEY_UISupportedInterfaceOrientations_iPhone = "UIInterfaceOrientationPortrait UIInterfaceOrientationLandscapeLeft UIInterfaceOrientationLandscapeRight";
				LD_RUNPATH_SEARCH_PATHS = (
					"$(inherited)",
					"@executable_path/Frameworks",
				);
				MARKETING_VERSION = 1.0;
				PRODUCT_BUNDLE_IDENTIFIER = J.B.C.DragonBallAPP;
				PRODUCT_NAME = "$(TARGET_NAME)";
				SWIFT_EMIT_LOC_STRINGS = YES;
				SWIFT_VERSION = 5.0;
				TARGETED_DEVICE_FAMILY = "1,2";
			};
			name = Release;
		};
		428DE34B2B8913E3009A44C1 /* Debug */ = {
			isa = XCBuildConfiguration;
			buildSettings = {
				ALWAYS_EMBED_SWIFT_STANDARD_LIBRARIES = YES;
				BUNDLE_LOADER = "$(TEST_HOST)";
				CODE_SIGN_STYLE = Automatic;
				CURRENT_PROJECT_VERSION = 1;
				DEVELOPMENT_TEAM = L6V6H2LAL2;
				GENERATE_INFOPLIST_FILE = YES;
				IPHONEOS_DEPLOYMENT_TARGET = 17.2;
				MARKETING_VERSION = 1.0;
				PRODUCT_BUNDLE_IDENTIFIER = J.B.C.DragonBallAPPTests;
				PRODUCT_NAME = "$(TARGET_NAME)";
				SWIFT_EMIT_LOC_STRINGS = NO;
				SWIFT_VERSION = 5.0;
				TARGETED_DEVICE_FAMILY = "1,2";
				TEST_HOST = "$(BUILT_PRODUCTS_DIR)/DragonBallAPP.app/$(BUNDLE_EXECUTABLE_FOLDER_PATH)/DragonBallAPP";
			};
			name = Debug;
		};
		428DE34C2B8913E3009A44C1 /* Release */ = {
			isa = XCBuildConfiguration;
			buildSettings = {
				ALWAYS_EMBED_SWIFT_STANDARD_LIBRARIES = YES;
				BUNDLE_LOADER = "$(TEST_HOST)";
				CODE_SIGN_STYLE = Automatic;
				CURRENT_PROJECT_VERSION = 1;
				DEVELOPMENT_TEAM = L6V6H2LAL2;
				GENERATE_INFOPLIST_FILE = YES;
				IPHONEOS_DEPLOYMENT_TARGET = 17.2;
				MARKETING_VERSION = 1.0;
				PRODUCT_BUNDLE_IDENTIFIER = J.B.C.DragonBallAPPTests;
				PRODUCT_NAME = "$(TARGET_NAME)";
				SWIFT_EMIT_LOC_STRINGS = NO;
				SWIFT_VERSION = 5.0;
				TARGETED_DEVICE_FAMILY = "1,2";
				TEST_HOST = "$(BUILT_PRODUCTS_DIR)/DragonBallAPP.app/$(BUNDLE_EXECUTABLE_FOLDER_PATH)/DragonBallAPP";
			};
			name = Release;
		};
		428DE34E2B8913E3009A44C1 /* Debug */ = {
			isa = XCBuildConfiguration;
			buildSettings = {
				ALWAYS_EMBED_SWIFT_STANDARD_LIBRARIES = YES;
				CODE_SIGN_STYLE = Automatic;
				CURRENT_PROJECT_VERSION = 1;
				DEVELOPMENT_TEAM = L6V6H2LAL2;
				GENERATE_INFOPLIST_FILE = YES;
				MARKETING_VERSION = 1.0;
				PRODUCT_BUNDLE_IDENTIFIER = J.B.C.DragonBallAPPUITests;
				PRODUCT_NAME = "$(TARGET_NAME)";
				SWIFT_EMIT_LOC_STRINGS = NO;
				SWIFT_VERSION = 5.0;
				TARGETED_DEVICE_FAMILY = "1,2";
				TEST_TARGET_NAME = DragonBallAPP;
			};
			name = Debug;
		};
		428DE34F2B8913E3009A44C1 /* Release */ = {
			isa = XCBuildConfiguration;
			buildSettings = {
				ALWAYS_EMBED_SWIFT_STANDARD_LIBRARIES = YES;
				CODE_SIGN_STYLE = Automatic;
				CURRENT_PROJECT_VERSION = 1;
				DEVELOPMENT_TEAM = L6V6H2LAL2;
				GENERATE_INFOPLIST_FILE = YES;
				MARKETING_VERSION = 1.0;
				PRODUCT_BUNDLE_IDENTIFIER = J.B.C.DragonBallAPPUITests;
				PRODUCT_NAME = "$(TARGET_NAME)";
				SWIFT_EMIT_LOC_STRINGS = NO;
				SWIFT_VERSION = 5.0;
				TARGETED_DEVICE_FAMILY = "1,2";
				TEST_TARGET_NAME = DragonBallAPP;
			};
			name = Release;
		};
/* End XCBuildConfiguration section */

/* Begin XCConfigurationList section */
		428DE3182B8913E1009A44C1 /* Build configuration list for PBXProject "DragonBallAPP" */ = {
			isa = XCConfigurationList;
			buildConfigurations = (
				428DE3452B8913E3009A44C1 /* Debug */,
				428DE3462B8913E3009A44C1 /* Release */,
			);
			defaultConfigurationIsVisible = 0;
			defaultConfigurationName = Release;
		};
		428DE3472B8913E3009A44C1 /* Build configuration list for PBXNativeTarget "DragonBallAPP" */ = {
			isa = XCConfigurationList;
			buildConfigurations = (
				428DE3482B8913E3009A44C1 /* Debug */,
				428DE3492B8913E3009A44C1 /* Release */,
			);
			defaultConfigurationIsVisible = 0;
			defaultConfigurationName = Release;
		};
		428DE34A2B8913E3009A44C1 /* Build configuration list for PBXNativeTarget "DragonBallAPPTests" */ = {
			isa = XCConfigurationList;
			buildConfigurations = (
				428DE34B2B8913E3009A44C1 /* Debug */,
				428DE34C2B8913E3009A44C1 /* Release */,
			);
			defaultConfigurationIsVisible = 0;
			defaultConfigurationName = Release;
		};
		428DE34D2B8913E3009A44C1 /* Build configuration list for PBXNativeTarget "DragonBallAPPUITests" */ = {
			isa = XCConfigurationList;
			buildConfigurations = (
				428DE34E2B8913E3009A44C1 /* Debug */,
				428DE34F2B8913E3009A44C1 /* Release */,
			);
			defaultConfigurationIsVisible = 0;
			defaultConfigurationName = Release;
		};
/* End XCConfigurationList section */
	};
	rootObject = 428DE3152B8913E1009A44C1 /* Project object */;
}
